// !$*UTF8*$!
{
	archiveVersion = 1;
	classes = {
	};
	objectVersion = 56;
	objects = {

/* Begin PBXBuildFile section */
		369B34072A4C4B4500DBCC29 /* GameControllerManager.swift in Sources */ = {isa = PBXBuildFile; fileRef = EF789B852A24DC24006EC6D8 /* GameControllerManager.swift */; };
		369B340A2A4C515300DBCC29 /* ProgressBar.swift in Sources */ = {isa = PBXBuildFile; fileRef = 369B34082A4C511E00DBCC29 /* ProgressBar.swift */; };
		EF38A0972A4C745A00DF1AF9 /* UserDefaults+.swift in Sources */ = {isa = PBXBuildFile; fileRef = EF38A0962A4C745A00DF1AF9 /* UserDefaults+.swift */; };
		EF38A0982A4C745A00DF1AF9 /* UserDefaults+.swift in Sources */ = {isa = PBXBuildFile; fileRef = EF38A0962A4C745A00DF1AF9 /* UserDefaults+.swift */; };
		EF789B722A24D6DC006EC6D8 /* AppDelegate.swift in Sources */ = {isa = PBXBuildFile; fileRef = EF789B712A24D6DC006EC6D8 /* AppDelegate.swift */; };
		EF789B742A24D6DC006EC6D8 /* SceneDelegate.swift in Sources */ = {isa = PBXBuildFile; fileRef = EF789B732A24D6DC006EC6D8 /* SceneDelegate.swift */; };
		EF789B762A24D6DC006EC6D8 /* ViewController.swift in Sources */ = {isa = PBXBuildFile; fileRef = EF789B752A24D6DC006EC6D8 /* ViewController.swift */; };
		EF789B792A24D6DC006EC6D8 /* Main.storyboard in Resources */ = {isa = PBXBuildFile; fileRef = EF789B772A24D6DC006EC6D8 /* Main.storyboard */; };
		EF789B7B2A24D6DD006EC6D8 /* Assets.xcassets in Resources */ = {isa = PBXBuildFile; fileRef = EF789B7A2A24D6DD006EC6D8 /* Assets.xcassets */; };
		EF789B7E2A24D6DD006EC6D8 /* LaunchScreen.storyboard in Resources */ = {isa = PBXBuildFile; fileRef = EF789B7C2A24D6DD006EC6D8 /* LaunchScreen.storyboard */; };
		EF789B862A24DC24006EC6D8 /* GameControllerManager.swift in Sources */ = {isa = PBXBuildFile; fileRef = EF789B852A24DC24006EC6D8 /* GameControllerManager.swift */; };
		EF789B8E2A30ABFA006EC6D8 /* WidgetKit.framework in Frameworks */ = {isa = PBXBuildFile; fileRef = EF789B8D2A30ABFA006EC6D8 /* WidgetKit.framework */; };
		EF789B902A30ABFA006EC6D8 /* SwiftUI.framework in Frameworks */ = {isa = PBXBuildFile; fileRef = EF789B8F2A30ABFA006EC6D8 /* SwiftUI.framework */; };
		EF789B932A30ABFA006EC6D8 /* ControllersWidgetBundle.swift in Sources */ = {isa = PBXBuildFile; fileRef = EF789B922A30ABFA006EC6D8 /* ControllersWidgetBundle.swift */; };
		EF789B952A30ABFA006EC6D8 /* ControllersWidget.swift in Sources */ = {isa = PBXBuildFile; fileRef = EF789B942A30ABFA006EC6D8 /* ControllersWidget.swift */; };
		EF789B972A30ABFB006EC6D8 /* Assets.xcassets in Resources */ = {isa = PBXBuildFile; fileRef = EF789B962A30ABFB006EC6D8 /* Assets.xcassets */; };
		EF789B9B2A30ABFB006EC6D8 /* ControllersWidgetExtension.appex in Embed Foundation Extensions */ = {isa = PBXBuildFile; fileRef = EF789B8B2A30ABFA006EC6D8 /* ControllersWidgetExtension.appex */; settings = {ATTRIBUTES = (RemoveHeadersOnCopy, ); }; };
		EFF2FF922A30DEFF0070F271 /* CircularProgressBarView.swift in Sources */ = {isa = PBXBuildFile; fileRef = EFF2FF912A30DEFF0070F271 /* CircularProgressBarView.swift */; };
/* End PBXBuildFile section */

/* Begin PBXContainerItemProxy section */
		EF789B992A30ABFB006EC6D8 /* PBXContainerItemProxy */ = {
			isa = PBXContainerItemProxy;
			containerPortal = EF789B662A24D6DC006EC6D8 /* Project object */;
			proxyType = 1;
			remoteGlobalIDString = EF789B8A2A30ABF9006EC6D8;
			remoteInfo = ControllersWidgetExtension;
		};
/* End PBXContainerItemProxy section */

/* Begin PBXCopyFilesBuildPhase section */
		EF789B9C2A30ABFB006EC6D8 /* Embed Foundation Extensions */ = {
			isa = PBXCopyFilesBuildPhase;
			buildActionMask = 2147483647;
			dstPath = "";
			dstSubfolderSpec = 13;
			files = (
				EF789B9B2A30ABFB006EC6D8 /* ControllersWidgetExtension.appex in Embed Foundation Extensions */,
			);
			name = "Embed Foundation Extensions";
			runOnlyForDeploymentPostprocessing = 0;
		};
/* End PBXCopyFilesBuildPhase section */

/* Begin PBXFileReference section */
		369B34082A4C511E00DBCC29 /* ProgressBar.swift */ = {isa = PBXFileReference; lastKnownFileType = sourcecode.swift; path = ProgressBar.swift; sourceTree = "<group>"; };
		EF1D09C22A4180EB00DCDDDB /* Controllers.entitlements */ = {isa = PBXFileReference; lastKnownFileType = text.plist.entitlements; path = Controllers.entitlements; sourceTree = "<group>"; };
		EF38A0952A4C736500DF1AF9 /* ControllersWidgetExtension.entitlements */ = {isa = PBXFileReference; lastKnownFileType = text.plist.entitlements; path = ControllersWidgetExtension.entitlements; sourceTree = "<group>"; };
		EF38A0962A4C745A00DF1AF9 /* UserDefaults+.swift */ = {isa = PBXFileReference; lastKnownFileType = sourcecode.swift; path = "UserDefaults+.swift"; sourceTree = "<group>"; };
		EF789B6E2A24D6DC006EC6D8 /* Controllers.app */ = {isa = PBXFileReference; explicitFileType = wrapper.application; includeInIndex = 0; path = Controllers.app; sourceTree = BUILT_PRODUCTS_DIR; };
		EF789B712A24D6DC006EC6D8 /* AppDelegate.swift */ = {isa = PBXFileReference; lastKnownFileType = sourcecode.swift; path = AppDelegate.swift; sourceTree = "<group>"; };
		EF789B732A24D6DC006EC6D8 /* SceneDelegate.swift */ = {isa = PBXFileReference; lastKnownFileType = sourcecode.swift; path = SceneDelegate.swift; sourceTree = "<group>"; };
		EF789B752A24D6DC006EC6D8 /* ViewController.swift */ = {isa = PBXFileReference; lastKnownFileType = sourcecode.swift; path = ViewController.swift; sourceTree = "<group>"; };
		EF789B782A24D6DC006EC6D8 /* Base */ = {isa = PBXFileReference; lastKnownFileType = file.storyboard; name = Base; path = Base.lproj/Main.storyboard; sourceTree = "<group>"; };
		EF789B7A2A24D6DD006EC6D8 /* Assets.xcassets */ = {isa = PBXFileReference; lastKnownFileType = folder.assetcatalog; path = Assets.xcassets; sourceTree = "<group>"; };
		EF789B7D2A24D6DD006EC6D8 /* Base */ = {isa = PBXFileReference; lastKnownFileType = file.storyboard; name = Base; path = Base.lproj/LaunchScreen.storyboard; sourceTree = "<group>"; };
		EF789B7F2A24D6DD006EC6D8 /* Info.plist */ = {isa = PBXFileReference; lastKnownFileType = text.plist.xml; path = Info.plist; sourceTree = "<group>"; };
		EF789B852A24DC24006EC6D8 /* GameControllerManager.swift */ = {isa = PBXFileReference; lastKnownFileType = sourcecode.swift; path = GameControllerManager.swift; sourceTree = "<group>"; };
		EF789B8B2A30ABFA006EC6D8 /* ControllersWidgetExtension.appex */ = {isa = PBXFileReference; explicitFileType = "wrapper.app-extension"; includeInIndex = 0; path = ControllersWidgetExtension.appex; sourceTree = BUILT_PRODUCTS_DIR; };
		EF789B8D2A30ABFA006EC6D8 /* WidgetKit.framework */ = {isa = PBXFileReference; lastKnownFileType = wrapper.framework; name = WidgetKit.framework; path = System/Library/Frameworks/WidgetKit.framework; sourceTree = SDKROOT; };
		EF789B8F2A30ABFA006EC6D8 /* SwiftUI.framework */ = {isa = PBXFileReference; lastKnownFileType = wrapper.framework; name = SwiftUI.framework; path = System/Library/Frameworks/SwiftUI.framework; sourceTree = SDKROOT; };
		EF789B922A30ABFA006EC6D8 /* ControllersWidgetBundle.swift */ = {isa = PBXFileReference; lastKnownFileType = sourcecode.swift; path = ControllersWidgetBundle.swift; sourceTree = "<group>"; };
		EF789B942A30ABFA006EC6D8 /* ControllersWidget.swift */ = {isa = PBXFileReference; lastKnownFileType = sourcecode.swift; path = ControllersWidget.swift; sourceTree = "<group>"; };
		EF789B962A30ABFB006EC6D8 /* Assets.xcassets */ = {isa = PBXFileReference; lastKnownFileType = folder.assetcatalog; path = Assets.xcassets; sourceTree = "<group>"; };
		EF789B982A30ABFB006EC6D8 /* Info.plist */ = {isa = PBXFileReference; lastKnownFileType = text.plist.xml; path = Info.plist; sourceTree = "<group>"; };
		EFF2FF912A30DEFF0070F271 /* CircularProgressBarView.swift */ = {isa = PBXFileReference; lastKnownFileType = sourcecode.swift; path = CircularProgressBarView.swift; sourceTree = "<group>"; };
/* End PBXFileReference section */

/* Begin PBXFrameworksBuildPhase section */
		EF789B6B2A24D6DC006EC6D8 /* Frameworks */ = {
			isa = PBXFrameworksBuildPhase;
			buildActionMask = 2147483647;
			files = (
			);
			runOnlyForDeploymentPostprocessing = 0;
		};
		EF789B882A30ABF9006EC6D8 /* Frameworks */ = {
			isa = PBXFrameworksBuildPhase;
			buildActionMask = 2147483647;
			files = (
				EF789B902A30ABFA006EC6D8 /* SwiftUI.framework in Frameworks */,
				EF789B8E2A30ABFA006EC6D8 /* WidgetKit.framework in Frameworks */,
			);
			runOnlyForDeploymentPostprocessing = 0;
		};
/* End PBXFrameworksBuildPhase section */

/* Begin PBXGroup section */
		EF789B652A24D6DC006EC6D8 = {
			isa = PBXGroup;
			children = (
				EF38A0952A4C736500DF1AF9 /* ControllersWidgetExtension.entitlements */,
				EF789B702A24D6DC006EC6D8 /* Controllers */,
				EF789B912A30ABFA006EC6D8 /* ControllersWidget */,
				EF789B8C2A30ABFA006EC6D8 /* Frameworks */,
				EF789B6F2A24D6DC006EC6D8 /* Products */,
			);
			sourceTree = "<group>";
		};
		EF789B6F2A24D6DC006EC6D8 /* Products */ = {
			isa = PBXGroup;
			children = (
				EF789B6E2A24D6DC006EC6D8 /* Controllers.app */,
				EF789B8B2A30ABFA006EC6D8 /* ControllersWidgetExtension.appex */,
			);
			name = Products;
			sourceTree = "<group>";
		};
		EF789B702A24D6DC006EC6D8 /* Controllers */ = {
			isa = PBXGroup;
			children = (
				EF1D09C22A4180EB00DCDDDB /* Controllers.entitlements */,
				EF789B712A24D6DC006EC6D8 /* AppDelegate.swift */,
				EF789B732A24D6DC006EC6D8 /* SceneDelegate.swift */,
				EF789B752A24D6DC006EC6D8 /* ViewController.swift */,
				EF789B772A24D6DC006EC6D8 /* Main.storyboard */,
				EF789B7A2A24D6DD006EC6D8 /* Assets.xcassets */,
				EF789B7C2A24D6DD006EC6D8 /* LaunchScreen.storyboard */,
				EF789B7F2A24D6DD006EC6D8 /* Info.plist */,
				EF789B852A24DC24006EC6D8 /* GameControllerManager.swift */,
				EFF2FF912A30DEFF0070F271 /* CircularProgressBarView.swift */,
				EF38A0962A4C745A00DF1AF9 /* UserDefaults+.swift */,
			);
			path = Controllers;
			sourceTree = "<group>";
		};
		EF789B8C2A30ABFA006EC6D8 /* Frameworks */ = {
			isa = PBXGroup;
			children = (
				EF789B8D2A30ABFA006EC6D8 /* WidgetKit.framework */,
				EF789B8F2A30ABFA006EC6D8 /* SwiftUI.framework */,
			);
			name = Frameworks;
			sourceTree = "<group>";
		};
		EF789B912A30ABFA006EC6D8 /* ControllersWidget */ = {
			isa = PBXGroup;
			children = (
				EF789B922A30ABFA006EC6D8 /* ControllersWidgetBundle.swift */,
				EF789B942A30ABFA006EC6D8 /* ControllersWidget.swift */,
				369B34082A4C511E00DBCC29 /* ProgressBar.swift */,
				EF789B962A30ABFB006EC6D8 /* Assets.xcassets */,
				EF789B982A30ABFB006EC6D8 /* Info.plist */,
			);
			path = ControllersWidget;
			sourceTree = "<group>";
		};
/* End PBXGroup section */

/* Begin PBXNativeTarget section */
		EF789B6D2A24D6DC006EC6D8 /* Controllers */ = {
			isa = PBXNativeTarget;
			buildConfigurationList = EF789B822A24D6DD006EC6D8 /* Build configuration list for PBXNativeTarget "Controllers" */;
			buildPhases = (
				EF789B6A2A24D6DC006EC6D8 /* Sources */,
				EF789B6B2A24D6DC006EC6D8 /* Frameworks */,
				EF789B6C2A24D6DC006EC6D8 /* Resources */,
				EF789B9C2A30ABFB006EC6D8 /* Embed Foundation Extensions */,
			);
			buildRules = (
			);
			dependencies = (
				EF789B9A2A30ABFB006EC6D8 /* PBXTargetDependency */,
			);
			name = Controllers;
			productName = Controllers;
			productReference = EF789B6E2A24D6DC006EC6D8 /* Controllers.app */;
			productType = "com.apple.product-type.application";
		};
		EF789B8A2A30ABF9006EC6D8 /* ControllersWidgetExtension */ = {
			isa = PBXNativeTarget;
			buildConfigurationList = EF789B9F2A30ABFB006EC6D8 /* Build configuration list for PBXNativeTarget "ControllersWidgetExtension" */;
			buildPhases = (
				EF789B872A30ABF9006EC6D8 /* Sources */,
				EF789B882A30ABF9006EC6D8 /* Frameworks */,
				EF789B892A30ABF9006EC6D8 /* Resources */,
			);
			buildRules = (
			);
			dependencies = (
			);
			name = ControllersWidgetExtension;
			productName = ControllersWidgetExtension;
			productReference = EF789B8B2A30ABFA006EC6D8 /* ControllersWidgetExtension.appex */;
			productType = "com.apple.product-type.app-extension";
		};
/* End PBXNativeTarget section */

/* Begin PBXProject section */
		EF789B662A24D6DC006EC6D8 /* Project object */ = {
			isa = PBXProject;
			attributes = {
				BuildIndependentTargetsInParallel = 1;
				LastSwiftUpdateCheck = 1420;
				LastUpgradeCheck = 1420;
				TargetAttributes = {
					EF789B6D2A24D6DC006EC6D8 = {
						CreatedOnToolsVersion = 14.2;
					};
					EF789B8A2A30ABF9006EC6D8 = {
						CreatedOnToolsVersion = 14.2;
					};
				};
			};
			buildConfigurationList = EF789B692A24D6DC006EC6D8 /* Build configuration list for PBXProject "Controllers" */;
			compatibilityVersion = "Xcode 14.0";
			developmentRegion = en;
			hasScannedForEncodings = 0;
			knownRegions = (
				en,
				Base,
			);
			mainGroup = EF789B652A24D6DC006EC6D8;
			productRefGroup = EF789B6F2A24D6DC006EC6D8 /* Products */;
			projectDirPath = "";
			projectRoot = "";
			targets = (
				EF789B6D2A24D6DC006EC6D8 /* Controllers */,
				EF789B8A2A30ABF9006EC6D8 /* ControllersWidgetExtension */,
			);
		};
/* End PBXProject section */

/* Begin PBXResourcesBuildPhase section */
		EF789B6C2A24D6DC006EC6D8 /* Resources */ = {
			isa = PBXResourcesBuildPhase;
			buildActionMask = 2147483647;
			files = (
				EF789B7E2A24D6DD006EC6D8 /* LaunchScreen.storyboard in Resources */,
				EF789B7B2A24D6DD006EC6D8 /* Assets.xcassets in Resources */,
				EF789B792A24D6DC006EC6D8 /* Main.storyboard in Resources */,
			);
			runOnlyForDeploymentPostprocessing = 0;
		};
		EF789B892A30ABF9006EC6D8 /* Resources */ = {
			isa = PBXResourcesBuildPhase;
			buildActionMask = 2147483647;
			files = (
				EF789B972A30ABFB006EC6D8 /* Assets.xcassets in Resources */,
			);
			runOnlyForDeploymentPostprocessing = 0;
		};
/* End PBXResourcesBuildPhase section */

/* Begin PBXSourcesBuildPhase section */
		EF789B6A2A24D6DC006EC6D8 /* Sources */ = {
			isa = PBXSourcesBuildPhase;
			buildActionMask = 2147483647;
			files = (
				EF789B762A24D6DC006EC6D8 /* ViewController.swift in Sources */,
				EF789B862A24DC24006EC6D8 /* GameControllerManager.swift in Sources */,
				EF789B722A24D6DC006EC6D8 /* AppDelegate.swift in Sources */,
				EF789B742A24D6DC006EC6D8 /* SceneDelegate.swift in Sources */,
				EF38A0972A4C745A00DF1AF9 /* UserDefaults+.swift in Sources */,
				EFF2FF922A30DEFF0070F271 /* CircularProgressBarView.swift in Sources */,
			);
			runOnlyForDeploymentPostprocessing = 0;
		};
		EF789B872A30ABF9006EC6D8 /* Sources */ = {
			isa = PBXSourcesBuildPhase;
			buildActionMask = 2147483647;
			files = (
				EF789B932A30ABFA006EC6D8 /* ControllersWidgetBundle.swift in Sources */,
				369B34072A4C4B4500DBCC29 /* GameControllerManager.swift in Sources */,
				EF38A0982A4C745A00DF1AF9 /* UserDefaults+.swift in Sources */,
				369B340A2A4C515300DBCC29 /* ProgressBar.swift in Sources */,
				EF789B952A30ABFA006EC6D8 /* ControllersWidget.swift in Sources */,
			);
			runOnlyForDeploymentPostprocessing = 0;
		};
/* End PBXSourcesBuildPhase section */

/* Begin PBXTargetDependency section */
		EF789B9A2A30ABFB006EC6D8 /* PBXTargetDependency */ = {
			isa = PBXTargetDependency;
			target = EF789B8A2A30ABF9006EC6D8 /* ControllersWidgetExtension */;
			targetProxy = EF789B992A30ABFB006EC6D8 /* PBXContainerItemProxy */;
		};
/* End PBXTargetDependency section */

/* Begin PBXVariantGroup section */
		EF789B772A24D6DC006EC6D8 /* Main.storyboard */ = {
			isa = PBXVariantGroup;
			children = (
				EF789B782A24D6DC006EC6D8 /* Base */,
			);
			name = Main.storyboard;
			sourceTree = "<group>";
		};
		EF789B7C2A24D6DD006EC6D8 /* LaunchScreen.storyboard */ = {
			isa = PBXVariantGroup;
			children = (
				EF789B7D2A24D6DD006EC6D8 /* Base */,
			);
			name = LaunchScreen.storyboard;
			sourceTree = "<group>";
		};
/* End PBXVariantGroup section */

/* Begin XCBuildConfiguration section */
		EF789B802A24D6DD006EC6D8 /* Debug */ = {
			isa = XCBuildConfiguration;
			buildSettings = {
				ALWAYS_SEARCH_USER_PATHS = NO;
				CLANG_ANALYZER_NONNULL = YES;
				CLANG_ANALYZER_NUMBER_OBJECT_CONVERSION = YES_AGGRESSIVE;
				CLANG_CXX_LANGUAGE_STANDARD = "gnu++20";
				CLANG_ENABLE_MODULES = YES;
				CLANG_ENABLE_OBJC_ARC = YES;
				CLANG_ENABLE_OBJC_WEAK = YES;
				CLANG_WARN_BLOCK_CAPTURE_AUTORELEASING = YES;
				CLANG_WARN_BOOL_CONVERSION = YES;
				CLANG_WARN_COMMA = YES;
				CLANG_WARN_CONSTANT_CONVERSION = YES;
				CLANG_WARN_DEPRECATED_OBJC_IMPLEMENTATIONS = YES;
				CLANG_WARN_DIRECT_OBJC_ISA_USAGE = YES_ERROR;
				CLANG_WARN_DOCUMENTATION_COMMENTS = YES;
				CLANG_WARN_EMPTY_BODY = YES;
				CLANG_WARN_ENUM_CONVERSION = YES;
				CLANG_WARN_INFINITE_RECURSION = YES;
				CLANG_WARN_INT_CONVERSION = YES;
				CLANG_WARN_NON_LITERAL_NULL_CONVERSION = YES;
				CLANG_WARN_OBJC_IMPLICIT_RETAIN_SELF = YES;
				CLANG_WARN_OBJC_LITERAL_CONVERSION = YES;
				CLANG_WARN_OBJC_ROOT_CLASS = YES_ERROR;
				CLANG_WARN_QUOTED_INCLUDE_IN_FRAMEWORK_HEADER = YES;
				CLANG_WARN_RANGE_LOOP_ANALYSIS = YES;
				CLANG_WARN_STRICT_PROTOTYPES = YES;
				CLANG_WARN_SUSPICIOUS_MOVE = YES;
				CLANG_WARN_UNGUARDED_AVAILABILITY = YES_AGGRESSIVE;
				CLANG_WARN_UNREACHABLE_CODE = YES;
				CLANG_WARN__DUPLICATE_METHOD_MATCH = YES;
				COPY_PHASE_STRIP = NO;
				DEBUG_INFORMATION_FORMAT = dwarf;
				ENABLE_STRICT_OBJC_MSGSEND = YES;
				ENABLE_TESTABILITY = YES;
				GCC_C_LANGUAGE_STANDARD = gnu11;
				GCC_DYNAMIC_NO_PIC = NO;
				GCC_NO_COMMON_BLOCKS = YES;
				GCC_OPTIMIZATION_LEVEL = 0;
				GCC_PREPROCESSOR_DEFINITIONS = (
					"DEBUG=1",
					"$(inherited)",
				);
				GCC_WARN_64_TO_32_BIT_CONVERSION = YES;
				GCC_WARN_ABOUT_RETURN_TYPE = YES_ERROR;
				GCC_WARN_UNDECLARED_SELECTOR = YES;
				GCC_WARN_UNINITIALIZED_AUTOS = YES_AGGRESSIVE;
				GCC_WARN_UNUSED_FUNCTION = YES;
				GCC_WARN_UNUSED_VARIABLE = YES;
				IPHONEOS_DEPLOYMENT_TARGET = 14.0;
				MTL_ENABLE_DEBUG_INFO = INCLUDE_SOURCE;
				MTL_FAST_MATH = YES;
				ONLY_ACTIVE_ARCH = YES;
				SDKROOT = iphoneos;
				SWIFT_ACTIVE_COMPILATION_CONDITIONS = DEBUG;
				SWIFT_OPTIMIZATION_LEVEL = "-Onone";
			};
			name = Debug;
		};
		EF789B812A24D6DD006EC6D8 /* Release */ = {
			isa = XCBuildConfiguration;
			buildSettings = {
				ALWAYS_SEARCH_USER_PATHS = NO;
				CLANG_ANALYZER_NONNULL = YES;
				CLANG_ANALYZER_NUMBER_OBJECT_CONVERSION = YES_AGGRESSIVE;
				CLANG_CXX_LANGUAGE_STANDARD = "gnu++20";
				CLANG_ENABLE_MODULES = YES;
				CLANG_ENABLE_OBJC_ARC = YES;
				CLANG_ENABLE_OBJC_WEAK = YES;
				CLANG_WARN_BLOCK_CAPTURE_AUTORELEASING = YES;
				CLANG_WARN_BOOL_CONVERSION = YES;
				CLANG_WARN_COMMA = YES;
				CLANG_WARN_CONSTANT_CONVERSION = YES;
				CLANG_WARN_DEPRECATED_OBJC_IMPLEMENTATIONS = YES;
				CLANG_WARN_DIRECT_OBJC_ISA_USAGE = YES_ERROR;
				CLANG_WARN_DOCUMENTATION_COMMENTS = YES;
				CLANG_WARN_EMPTY_BODY = YES;
				CLANG_WARN_ENUM_CONVERSION = YES;
				CLANG_WARN_INFINITE_RECURSION = YES;
				CLANG_WARN_INT_CONVERSION = YES;
				CLANG_WARN_NON_LITERAL_NULL_CONVERSION = YES;
				CLANG_WARN_OBJC_IMPLICIT_RETAIN_SELF = YES;
				CLANG_WARN_OBJC_LITERAL_CONVERSION = YES;
				CLANG_WARN_OBJC_ROOT_CLASS = YES_ERROR;
				CLANG_WARN_QUOTED_INCLUDE_IN_FRAMEWORK_HEADER = YES;
				CLANG_WARN_RANGE_LOOP_ANALYSIS = YES;
				CLANG_WARN_STRICT_PROTOTYPES = YES;
				CLANG_WARN_SUSPICIOUS_MOVE = YES;
				CLANG_WARN_UNGUARDED_AVAILABILITY = YES_AGGRESSIVE;
				CLANG_WARN_UNREACHABLE_CODE = YES;
				CLANG_WARN__DUPLICATE_METHOD_MATCH = YES;
				COPY_PHASE_STRIP = NO;
				DEBUG_INFORMATION_FORMAT = "dwarf-with-dsym";
				ENABLE_NS_ASSERTIONS = NO;
				ENABLE_STRICT_OBJC_MSGSEND = YES;
				GCC_C_LANGUAGE_STANDARD = gnu11;
				GCC_NO_COMMON_BLOCKS = YES;
				GCC_WARN_64_TO_32_BIT_CONVERSION = YES;
				GCC_WARN_ABOUT_RETURN_TYPE = YES_ERROR;
				GCC_WARN_UNDECLARED_SELECTOR = YES;
				GCC_WARN_UNINITIALIZED_AUTOS = YES_AGGRESSIVE;
				GCC_WARN_UNUSED_FUNCTION = YES;
				GCC_WARN_UNUSED_VARIABLE = YES;
				IPHONEOS_DEPLOYMENT_TARGET = 14.0;
				MTL_ENABLE_DEBUG_INFO = NO;
				MTL_FAST_MATH = YES;
				SDKROOT = iphoneos;
				SWIFT_COMPILATION_MODE = wholemodule;
				SWIFT_OPTIMIZATION_LEVEL = "-O";
				VALIDATE_PRODUCT = YES;
			};
			name = Release;
		};
		EF789B832A24D6DD006EC6D8 /* Debug */ = {
			isa = XCBuildConfiguration;
			buildSettings = {
				ALWAYS_EMBED_SWIFT_STANDARD_LIBRARIES = YES;
				ASSETCATALOG_COMPILER_APPICON_NAME = AppIcon;
				ASSETCATALOG_COMPILER_GLOBAL_ACCENT_COLOR_NAME = AccentColor;
				CODE_SIGN_ENTITLEMENTS = Controllers/Controllers.entitlements;
				CODE_SIGN_STYLE = Automatic;
				CURRENT_PROJECT_VERSION = 1;
				DEVELOPMENT_TEAM = FL4QTRRKMD;
				GENERATE_INFOPLIST_FILE = YES;
				INFOPLIST_FILE = Controllers/Info.plist;
				INFOPLIST_KEY_UIApplicationSupportsIndirectInputEvents = YES;
				INFOPLIST_KEY_UILaunchStoryboardName = LaunchScreen;
				INFOPLIST_KEY_UIMainStoryboardFile = Main;
				INFOPLIST_KEY_UISupportedInterfaceOrientations = "UIInterfaceOrientationLandscapeLeft UIInterfaceOrientationLandscapeRight UIInterfaceOrientationPortrait";
				IPHONEOS_DEPLOYMENT_TARGET = 14.0;
				LD_RUNPATH_SEARCH_PATHS = (
					"$(inherited)",
					"@executable_path/Frameworks",
				);
				MARKETING_VERSION = 1.0;
				PRODUCT_BUNDLE_IDENTIFIER = com.arex.achaCharge;
				PRODUCT_NAME = "$(TARGET_NAME)";
				SUPPORTED_PLATFORMS = "iphoneos iphonesimulator";
				SUPPORTS_MACCATALYST = NO;
				SUPPORTS_MAC_DESIGNED_FOR_IPHONE_IPAD = NO;
				SWIFT_EMIT_LOC_STRINGS = YES;
				SWIFT_VERSION = 5.0;
				TARGETED_DEVICE_FAMILY = "1,2";
			};
			name = Debug;
		};
		EF789B842A24D6DD006EC6D8 /* Release */ = {
			isa = XCBuildConfiguration;
			buildSettings = {
				ALWAYS_EMBED_SWIFT_STANDARD_LIBRARIES = YES;
				ASSETCATALOG_COMPILER_APPICON_NAME = AppIcon;
				ASSETCATALOG_COMPILER_GLOBAL_ACCENT_COLOR_NAME = AccentColor;
				CODE_SIGN_ENTITLEMENTS = Controllers/Controllers.entitlements;
				CODE_SIGN_STYLE = Automatic;
				CURRENT_PROJECT_VERSION = 1;
				DEVELOPMENT_TEAM = FL4QTRRKMD;
				GENERATE_INFOPLIST_FILE = YES;
				INFOPLIST_FILE = Controllers/Info.plist;
				INFOPLIST_KEY_UIApplicationSupportsIndirectInputEvents = YES;
				INFOPLIST_KEY_UILaunchStoryboardName = LaunchScreen;
				INFOPLIST_KEY_UIMainStoryboardFile = Main;
				INFOPLIST_KEY_UISupportedInterfaceOrientations = "UIInterfaceOrientationLandscapeLeft UIInterfaceOrientationLandscapeRight UIInterfaceOrientationPortrait";
				IPHONEOS_DEPLOYMENT_TARGET = 14.0;
				LD_RUNPATH_SEARCH_PATHS = (
					"$(inherited)",
					"@executable_path/Frameworks",
				);
				MARKETING_VERSION = 1.0;
				PRODUCT_BUNDLE_IDENTIFIER = com.arex.achaCharge;
				PRODUCT_NAME = "$(TARGET_NAME)";
				SUPPORTED_PLATFORMS = "iphoneos iphonesimulator";
				SUPPORTS_MACCATALYST = NO;
				SUPPORTS_MAC_DESIGNED_FOR_IPHONE_IPAD = NO;
				SWIFT_EMIT_LOC_STRINGS = YES;
				SWIFT_VERSION = 5.0;
				TARGETED_DEVICE_FAMILY = "1,2";
			};
			name = Release;
		};
		EF789B9D2A30ABFB006EC6D8 /* Debug */ = {
			isa = XCBuildConfiguration;
			buildSettings = {
				ASSETCATALOG_COMPILER_GLOBAL_ACCENT_COLOR_NAME = AccentColor;
				ASSETCATALOG_COMPILER_WIDGET_BACKGROUND_COLOR_NAME = WidgetBackground;
				CODE_SIGN_ENTITLEMENTS = ControllersWidgetExtension.entitlements;
				CODE_SIGN_STYLE = Automatic;
				CURRENT_PROJECT_VERSION = 1;
				DEVELOPMENT_TEAM = FL4QTRRKMD;
				GENERATE_INFOPLIST_FILE = YES;
				INFOPLIST_FILE = ControllersWidget/Info.plist;
				INFOPLIST_KEY_CFBundleDisplayName = ControllersWidget;
				INFOPLIST_KEY_NSHumanReadableCopyright = "";
				IPHONEOS_DEPLOYMENT_TARGET = 14.0;
				LD_RUNPATH_SEARCH_PATHS = (
					"$(inherited)",
					"@executable_path/Frameworks",
					"@executable_path/../../Frameworks",
				);
				MARKETING_VERSION = 1.0;
				PRODUCT_BUNDLE_IDENTIFIER = com.arex.achaCharge.widget;
				PRODUCT_NAME = "$(TARGET_NAME)";
				SKIP_INSTALL = YES;
				SWIFT_EMIT_LOC_STRINGS = YES;
				SWIFT_VERSION = 5.0;
				TARGETED_DEVICE_FAMILY = "1,2";
			};
			name = Debug;
		};
		EF789B9E2A30ABFB006EC6D8 /* Release */ = {
			isa = XCBuildConfiguration;
			buildSettings = {
				ASSETCATALOG_COMPILER_GLOBAL_ACCENT_COLOR_NAME = AccentColor;
				ASSETCATALOG_COMPILER_WIDGET_BACKGROUND_COLOR_NAME = WidgetBackground;
				CODE_SIGN_ENTITLEMENTS = ControllersWidgetExtension.entitlements;
				CODE_SIGN_STYLE = Automatic;
				CURRENT_PROJECT_VERSION = 1;
				DEVELOPMENT_TEAM = FL4QTRRKMD;
				GENERATE_INFOPLIST_FILE = YES;
				INFOPLIST_FILE = ControllersWidget/Info.plist;
				INFOPLIST_KEY_CFBundleDisplayName = ControllersWidget;
				INFOPLIST_KEY_NSHumanReadableCopyright = "";
				IPHONEOS_DEPLOYMENT_TARGET = 14.0;
				LD_RUNPATH_SEARCH_PATHS = (
					"$(inherited)",
					"@executable_path/Frameworks",
					"@executable_path/../../Frameworks",
				);
				MARKETING_VERSION = 1.0;
				PRODUCT_BUNDLE_IDENTIFIER = com.arex.achaCharge.widget;
				PRODUCT_NAME = "$(TARGET_NAME)";
				SKIP_INSTALL = YES;
				SWIFT_EMIT_LOC_STRINGS = YES;
				SWIFT_VERSION = 5.0;
				TARGETED_DEVICE_FAMILY = "1,2";
			};
			name = Release;
		};
/* End XCBuildConfiguration section */

/* Begin XCConfigurationList section */
		EF789B692A24D6DC006EC6D8 /* Build configuration list for PBXProject "Controllers" */ = {
			isa = XCConfigurationList;
			buildConfigurations = (
				EF789B802A24D6DD006EC6D8 /* Debug */,
				EF789B812A24D6DD006EC6D8 /* Release */,
			);
			defaultConfigurationIsVisible = 0;
			defaultConfigurationName = Release;
		};
		EF789B822A24D6DD006EC6D8 /* Build configuration list for PBXNativeTarget "Controllers" */ = {
			isa = XCConfigurationList;
			buildConfigurations = (
				EF789B832A24D6DD006EC6D8 /* Debug */,
				EF789B842A24D6DD006EC6D8 /* Release */,
			);
			defaultConfigurationIsVisible = 0;
			defaultConfigurationName = Release;
		};
		EF789B9F2A30ABFB006EC6D8 /* Build configuration list for PBXNativeTarget "ControllersWidgetExtension" */ = {
			isa = XCConfigurationList;
			buildConfigurations = (
				EF789B9D2A30ABFB006EC6D8 /* Debug */,
				EF789B9E2A30ABFB006EC6D8 /* Release */,
			);
			defaultConfigurationIsVisible = 0;
			defaultConfigurationName = Release;
		};
/* End XCConfigurationList section */
	};
	rootObject = EF789B662A24D6DC006EC6D8 /* Project object */;
}
