// !$*UTF8*$!
{
	archiveVersion = 1;
	classes = {
	};
	objectVersion = 56;
	objects = {

/* Begin PBXBuildFile section */
		369B340A2A4C515300DBCC29 /* ProgressBar.swift in Sources */ = {isa = PBXBuildFile; fileRef = 369B34082A4C511E00DBCC29 /* ProgressBar.swift */; };
		369B340C2A4D13B300DBCC29 /* StringKey+.swift in Sources */ = {isa = PBXBuildFile; fileRef = 369B340B2A4D13B300DBCC29 /* StringKey+.swift */; };
		B5F403FE2AC126EB00D4A6BD /* FetchGameControllerOperation.swift in Sources */ = {isa = PBXBuildFile; fileRef = B5F403FD2AC126EB00D4A6BD /* FetchGameControllerOperation.swift */; };
		B5F403FF2AC2CF7B00D4A6BD /* StoreObserver.swift in Sources */ = {isa = PBXBuildFile; fileRef = EF93622D2A9657FB0009E8E8 /* StoreObserver.swift */; };
		B5F404002AC2CFD400D4A6BD /* StoreKitManager.swift in Sources */ = {isa = PBXBuildFile; fileRef = EF9362332A9A63890009E8E8 /* StoreKitManager.swift */; };
		B5F404152AC36BF500D4A6BD /* InfoPlist.strings in Resources */ = {isa = PBXBuildFile; fileRef = EF9362572A9E26120009E8E8 /* InfoPlist.strings */; };
		EF38A0972A4C745A00DF1AF9 /* UserDefaults+.swift in Sources */ = {isa = PBXBuildFile; fileRef = EF38A0962A4C745A00DF1AF9 /* UserDefaults+.swift */; };
		EF789B722A24D6DC006EC6D8 /* AppDelegate.swift in Sources */ = {isa = PBXBuildFile; fileRef = EF789B712A24D6DC006EC6D8 /* AppDelegate.swift */; };
		EF789B742A24D6DC006EC6D8 /* SceneDelegate.swift in Sources */ = {isa = PBXBuildFile; fileRef = EF789B732A24D6DC006EC6D8 /* SceneDelegate.swift */; };
		EF789B762A24D6DC006EC6D8 /* ViewController.swift in Sources */ = {isa = PBXBuildFile; fileRef = EF789B752A24D6DC006EC6D8 /* ViewController.swift */; };
		EF789B7B2A24D6DD006EC6D8 /* Assets.xcassets in Resources */ = {isa = PBXBuildFile; fileRef = EF789B7A2A24D6DD006EC6D8 /* Assets.xcassets */; };
		EF789B7E2A24D6DD006EC6D8 /* LaunchScreen.storyboard in Resources */ = {isa = PBXBuildFile; fileRef = EF789B7C2A24D6DD006EC6D8 /* LaunchScreen.storyboard */; };
		EF789B862A24DC24006EC6D8 /* GameControllerManager.swift in Sources */ = {isa = PBXBuildFile; fileRef = EF789B852A24DC24006EC6D8 /* GameControllerManager.swift */; };
		EF789B8E2A30ABFA006EC6D8 /* WidgetKit.framework in Frameworks */ = {isa = PBXBuildFile; fileRef = EF789B8D2A30ABFA006EC6D8 /* WidgetKit.framework */; };
		EF789B902A30ABFA006EC6D8 /* SwiftUI.framework in Frameworks */ = {isa = PBXBuildFile; fileRef = EF789B8F2A30ABFA006EC6D8 /* SwiftUI.framework */; };
		EF789B932A30ABFA006EC6D8 /* ControllersWidgetBundle.swift in Sources */ = {isa = PBXBuildFile; fileRef = EF789B922A30ABFA006EC6D8 /* ControllersWidgetBundle.swift */; };
		EF789B952A30ABFA006EC6D8 /* ControllersWidget.swift in Sources */ = {isa = PBXBuildFile; fileRef = EF789B942A30ABFA006EC6D8 /* ControllersWidget.swift */; };
		EF789B972A30ABFB006EC6D8 /* Assets.xcassets in Resources */ = {isa = PBXBuildFile; fileRef = EF789B962A30ABFB006EC6D8 /* Assets.xcassets */; };
		EF789B9B2A30ABFB006EC6D8 /* ControllersWidgetExtension.appex in Embed Foundation Extensions */ = {isa = PBXBuildFile; fileRef = EF789B8B2A30ABFA006EC6D8 /* ControllersWidgetExtension.appex */; settings = {ATTRIBUTES = (RemoveHeadersOnCopy, ); }; };
		EF93622A2A9645100009E8E8 /* MainTabBarController.swift in Sources */ = {isa = PBXBuildFile; fileRef = EF9362292A9645100009E8E8 /* MainTabBarController.swift */; };
		EF93622C2A9646D50009E8E8 /* SettingViewController.swift in Sources */ = {isa = PBXBuildFile; fileRef = EF93622B2A9646D50009E8E8 /* SettingViewController.swift */; };
		EF9362322A9A56D50009E8E8 /* ProductIDs.plist in Resources */ = {isa = PBXBuildFile; fileRef = EF9362312A9A56D50009E8E8 /* ProductIDs.plist */; };
		EF9362362A9B49B70009E8E8 /* ColorAsset.xcassets in Resources */ = {isa = PBXBuildFile; fileRef = EF9362352A9B49B70009E8E8 /* ColorAsset.xcassets */; };
		EF9362382A9B4A860009E8E8 /* UIColor+.swift in Sources */ = {isa = PBXBuildFile; fileRef = EF9362372A9B4A860009E8E8 /* UIColor+.swift */; };
		EF93623F2A9B9A690009E8E8 /* GameControllerManager.swift in Sources */ = {isa = PBXBuildFile; fileRef = EF789B852A24DC24006EC6D8 /* GameControllerManager.swift */; };
		EF9362402A9B9A770009E8E8 /* UserDefaults+.swift in Sources */ = {isa = PBXBuildFile; fileRef = EF38A0962A4C745A00DF1AF9 /* UserDefaults+.swift */; };
		EF9362412A9B9A8A0009E8E8 /* StringKey+.swift in Sources */ = {isa = PBXBuildFile; fileRef = 369B340B2A4D13B300DBCC29 /* StringKey+.swift */; };
		EF9362432A9B9CF00009E8E8 /* SettingItemCell.swift in Sources */ = {isa = PBXBuildFile; fileRef = EF9362422A9B9CF00009E8E8 /* SettingItemCell.swift */; };
		EF9362482A9BA5270009E8E8 /* SettingDTO.swift in Sources */ = {isa = PBXBuildFile; fileRef = EF9362472A9BA5270009E8E8 /* SettingDTO.swift */; };
		EF93624A2A9BA61A0009E8E8 /* CustomJSONDecoder.swift in Sources */ = {isa = PBXBuildFile; fileRef = EF9362492A9BA61A0009E8E8 /* CustomJSONDecoder.swift */; };
		EF93624C2A9BA8DA0009E8E8 /* Array+.swift in Sources */ = {isa = PBXBuildFile; fileRef = EF93624B2A9BA8DA0009E8E8 /* Array+.swift */; };
		EF9362502A9CF5AD0009E8E8 /* UIApplication+.swift in Sources */ = {isa = PBXBuildFile; fileRef = EF93624F2A9CF5AD0009E8E8 /* UIApplication+.swift */; };
		EF9362522A9E0B300009E8E8 /* InfoViewController.swift in Sources */ = {isa = PBXBuildFile; fileRef = EF9362512A9E0B300009E8E8 /* InfoViewController.swift */; };
		EF93625A2A9E2B670009E8E8 /* Localizable.strings in Resources */ = {isa = PBXBuildFile; fileRef = EF93625C2A9E2B670009E8E8 /* Localizable.strings */; };
		EF9362622A9E2D3E0009E8E8 /* String+.swift in Sources */ = {isa = PBXBuildFile; fileRef = EF9362612A9E2D3E0009E8E8 /* String+.swift */; };
		EFC1A1342A83D6E00023754E /* ControllersTests.swift in Sources */ = {isa = PBXBuildFile; fileRef = EFC1A1332A83D6E00023754E /* ControllersTests.swift */; };
		EFF2FF922A30DEFF0070F271 /* CircularProgressBarView.swift in Sources */ = {isa = PBXBuildFile; fileRef = EFF2FF912A30DEFF0070F271 /* CircularProgressBarView.swift */; };
/* End PBXBuildFile section */

/* Begin PBXContainerItemProxy section */
		EF789B992A30ABFB006EC6D8 /* PBXContainerItemProxy */ = {
			isa = PBXContainerItemProxy;
			containerPortal = EF789B662A24D6DC006EC6D8 /* Project object */;
			proxyType = 1;
			remoteGlobalIDString = EF789B8A2A30ABF9006EC6D8;
			remoteInfo = ControllersWidgetExtension;
		};
		EFC1A1352A83D6E00023754E /* PBXContainerItemProxy */ = {
			isa = PBXContainerItemProxy;
			containerPortal = EF789B662A24D6DC006EC6D8 /* Project object */;
			proxyType = 1;
			remoteGlobalIDString = EF789B6D2A24D6DC006EC6D8;
			remoteInfo = Controllers;
		};
/* End PBXContainerItemProxy section */

/* Begin PBXCopyFilesBuildPhase section */
		EF789B9C2A30ABFB006EC6D8 /* Embed Foundation Extensions */ = {
			isa = PBXCopyFilesBuildPhase;
			buildActionMask = 2147483647;
			dstPath = "";
			dstSubfolderSpec = 13;
			files = (
				EF789B9B2A30ABFB006EC6D8 /* ControllersWidgetExtension.appex in Embed Foundation Extensions */,
			);
			name = "Embed Foundation Extensions";
			runOnlyForDeploymentPostprocessing = 0;
		};
/* End PBXCopyFilesBuildPhase section */

/* Begin PBXFileReference section */
		369B34082A4C511E00DBCC29 /* ProgressBar.swift */ = {isa = PBXFileReference; lastKnownFileType = sourcecode.swift; path = ProgressBar.swift; sourceTree = "<group>"; };
		369B340B2A4D13B300DBCC29 /* StringKey+.swift */ = {isa = PBXFileReference; lastKnownFileType = sourcecode.swift; path = "StringKey+.swift"; sourceTree = "<group>"; };
		B5F403FD2AC126EB00D4A6BD /* FetchGameControllerOperation.swift */ = {isa = PBXFileReference; lastKnownFileType = sourcecode.swift; path = FetchGameControllerOperation.swift; sourceTree = "<group>"; };
		B5F404092AC3563000D4A6BD /* Development.xcconfig */ = {isa = PBXFileReference; lastKnownFileType = text.xcconfig; path = Development.xcconfig; sourceTree = "<group>"; };
		B5F4040A2AC3564600D4A6BD /* Production.xcconfig */ = {isa = PBXFileReference; lastKnownFileType = text.xcconfig; path = Production.xcconfig; sourceTree = "<group>"; };
		B5F4040C2AC35BA800D4A6BD /* Development_Widget.xcconfig */ = {isa = PBXFileReference; lastKnownFileType = text.xcconfig; path = Development_Widget.xcconfig; sourceTree = "<group>"; };
		B5F4040D2AC35BB600D4A6BD /* Production_Widget.xcconfig */ = {isa = PBXFileReference; lastKnownFileType = text.xcconfig; path = Production_Widget.xcconfig; sourceTree = "<group>"; };
		EF1D09C22A4180EB00DCDDDB /* Controllers.entitlements */ = {isa = PBXFileReference; lastKnownFileType = text.plist.entitlements; path = Controllers.entitlements; sourceTree = "<group>"; };
		EF38A0952A4C736500DF1AF9 /* ControllersWidgetExtension.entitlements */ = {isa = PBXFileReference; lastKnownFileType = text.plist.entitlements; path = ControllersWidgetExtension.entitlements; sourceTree = "<group>"; };
		EF38A0962A4C745A00DF1AF9 /* UserDefaults+.swift */ = {isa = PBXFileReference; lastKnownFileType = sourcecode.swift; path = "UserDefaults+.swift"; sourceTree = "<group>"; };
		EF789B6E2A24D6DC006EC6D8 /* Controllers.app */ = {isa = PBXFileReference; explicitFileType = wrapper.application; includeInIndex = 0; path = Controllers.app; sourceTree = BUILT_PRODUCTS_DIR; };
		EF789B712A24D6DC006EC6D8 /* AppDelegate.swift */ = {isa = PBXFileReference; lastKnownFileType = sourcecode.swift; path = AppDelegate.swift; sourceTree = "<group>"; };
		EF789B732A24D6DC006EC6D8 /* SceneDelegate.swift */ = {isa = PBXFileReference; lastKnownFileType = sourcecode.swift; path = SceneDelegate.swift; sourceTree = "<group>"; };
		EF789B752A24D6DC006EC6D8 /* ViewController.swift */ = {isa = PBXFileReference; lastKnownFileType = sourcecode.swift; path = ViewController.swift; sourceTree = "<group>"; };
		EF789B7A2A24D6DD006EC6D8 /* Assets.xcassets */ = {isa = PBXFileReference; lastKnownFileType = folder.assetcatalog; path = Assets.xcassets; sourceTree = "<group>"; };
		EF789B7D2A24D6DD006EC6D8 /* Base */ = {isa = PBXFileReference; lastKnownFileType = file.storyboard; name = Base; path = Base.lproj/LaunchScreen.storyboard; sourceTree = "<group>"; };
		EF789B7F2A24D6DD006EC6D8 /* Info.plist */ = {isa = PBXFileReference; lastKnownFileType = text.plist.xml; path = Info.plist; sourceTree = "<group>"; };
		EF789B852A24DC24006EC6D8 /* GameControllerManager.swift */ = {isa = PBXFileReference; lastKnownFileType = sourcecode.swift; path = GameControllerManager.swift; sourceTree = "<group>"; };
		EF789B8B2A30ABFA006EC6D8 /* ControllersWidgetExtension.appex */ = {isa = PBXFileReference; explicitFileType = "wrapper.app-extension"; includeInIndex = 0; path = ControllersWidgetExtension.appex; sourceTree = BUILT_PRODUCTS_DIR; };
		EF789B8D2A30ABFA006EC6D8 /* WidgetKit.framework */ = {isa = PBXFileReference; lastKnownFileType = wrapper.framework; name = WidgetKit.framework; path = System/Library/Frameworks/WidgetKit.framework; sourceTree = SDKROOT; };
		EF789B8F2A30ABFA006EC6D8 /* SwiftUI.framework */ = {isa = PBXFileReference; lastKnownFileType = wrapper.framework; name = SwiftUI.framework; path = System/Library/Frameworks/SwiftUI.framework; sourceTree = SDKROOT; };
		EF789B922A30ABFA006EC6D8 /* ControllersWidgetBundle.swift */ = {isa = PBXFileReference; lastKnownFileType = sourcecode.swift; path = ControllersWidgetBundle.swift; sourceTree = "<group>"; };
		EF789B942A30ABFA006EC6D8 /* ControllersWidget.swift */ = {isa = PBXFileReference; lastKnownFileType = sourcecode.swift; path = ControllersWidget.swift; sourceTree = "<group>"; };
		EF789B962A30ABFB006EC6D8 /* Assets.xcassets */ = {isa = PBXFileReference; lastKnownFileType = folder.assetcatalog; path = Assets.xcassets; sourceTree = "<group>"; };
		EF789B982A30ABFB006EC6D8 /* Info.plist */ = {isa = PBXFileReference; lastKnownFileType = text.plist.xml; path = Info.plist; sourceTree = "<group>"; };
		EF9362292A9645100009E8E8 /* MainTabBarController.swift */ = {isa = PBXFileReference; lastKnownFileType = sourcecode.swift; path = MainTabBarController.swift; sourceTree = "<group>"; };
		EF93622B2A9646D50009E8E8 /* SettingViewController.swift */ = {isa = PBXFileReference; lastKnownFileType = sourcecode.swift; path = SettingViewController.swift; sourceTree = "<group>"; };
		EF93622D2A9657FB0009E8E8 /* StoreObserver.swift */ = {isa = PBXFileReference; lastKnownFileType = sourcecode.swift; path = StoreObserver.swift; sourceTree = "<group>"; };
		EF9362312A9A56D50009E8E8 /* ProductIDs.plist */ = {isa = PBXFileReference; lastKnownFileType = text.plist.xml; path = ProductIDs.plist; sourceTree = "<group>"; };
		EF9362332A9A63890009E8E8 /* StoreKitManager.swift */ = {isa = PBXFileReference; lastKnownFileType = sourcecode.swift; path = StoreKitManager.swift; sourceTree = "<group>"; };
		EF9362352A9B49B70009E8E8 /* ColorAsset.xcassets */ = {isa = PBXFileReference; lastKnownFileType = folder.assetcatalog; path = ColorAsset.xcassets; sourceTree = "<group>"; };
		EF9362372A9B4A860009E8E8 /* UIColor+.swift */ = {isa = PBXFileReference; lastKnownFileType = sourcecode.swift; path = "UIColor+.swift"; sourceTree = "<group>"; };
		EF9362422A9B9CF00009E8E8 /* SettingItemCell.swift */ = {isa = PBXFileReference; lastKnownFileType = sourcecode.swift; path = SettingItemCell.swift; sourceTree = "<group>"; };
		EF9362472A9BA5270009E8E8 /* SettingDTO.swift */ = {isa = PBXFileReference; lastKnownFileType = sourcecode.swift; path = SettingDTO.swift; sourceTree = "<group>"; };
		EF9362492A9BA61A0009E8E8 /* CustomJSONDecoder.swift */ = {isa = PBXFileReference; lastKnownFileType = sourcecode.swift; path = CustomJSONDecoder.swift; sourceTree = "<group>"; };
		EF93624B2A9BA8DA0009E8E8 /* Array+.swift */ = {isa = PBXFileReference; lastKnownFileType = sourcecode.swift; path = "Array+.swift"; sourceTree = "<group>"; };
		EF93624F2A9CF5AD0009E8E8 /* UIApplication+.swift */ = {isa = PBXFileReference; lastKnownFileType = sourcecode.swift; path = "UIApplication+.swift"; sourceTree = "<group>"; };
		EF9362512A9E0B300009E8E8 /* InfoViewController.swift */ = {isa = PBXFileReference; lastKnownFileType = sourcecode.swift; path = InfoViewController.swift; sourceTree = "<group>"; };
		EF9362562A9E26120009E8E8 /* en */ = {isa = PBXFileReference; lastKnownFileType = text.plist.strings; name = en; path = en.lproj/InfoPlist.strings; sourceTree = "<group>"; };
		EF93625B2A9E2B670009E8E8 /* en */ = {isa = PBXFileReference; lastKnownFileType = text.plist.strings; name = en; path = en.lproj/Localizable.strings; sourceTree = "<group>"; };
		EF93625D2A9E2B7A0009E8E8 /* ja */ = {isa = PBXFileReference; lastKnownFileType = text.plist.strings; name = ja; path = ja.lproj/InfoPlist.strings; sourceTree = "<group>"; };
		EF93625E2A9E2B7A0009E8E8 /* ja */ = {isa = PBXFileReference; lastKnownFileType = text.plist.strings; name = ja; path = ja.lproj/Localizable.strings; sourceTree = "<group>"; };
		EF93625F2A9E2B860009E8E8 /* ko */ = {isa = PBXFileReference; lastKnownFileType = text.plist.strings; name = ko; path = ko.lproj/InfoPlist.strings; sourceTree = "<group>"; };
		EF9362602A9E2B860009E8E8 /* ko */ = {isa = PBXFileReference; lastKnownFileType = text.plist.strings; name = ko; path = ko.lproj/Localizable.strings; sourceTree = "<group>"; };
		EF9362612A9E2D3E0009E8E8 /* String+.swift */ = {isa = PBXFileReference; lastKnownFileType = sourcecode.swift; path = "String+.swift"; sourceTree = "<group>"; };
		EFC1A1312A83D6E00023754E /* ControllersTests.xctest */ = {isa = PBXFileReference; explicitFileType = wrapper.cfbundle; includeInIndex = 0; path = ControllersTests.xctest; sourceTree = BUILT_PRODUCTS_DIR; };
		EFC1A1332A83D6E00023754E /* ControllersTests.swift */ = {isa = PBXFileReference; lastKnownFileType = sourcecode.swift; path = ControllersTests.swift; sourceTree = "<group>"; };
		EFF2FF912A30DEFF0070F271 /* CircularProgressBarView.swift */ = {isa = PBXFileReference; lastKnownFileType = sourcecode.swift; path = CircularProgressBarView.swift; sourceTree = "<group>"; };
/* End PBXFileReference section */

/* Begin PBXFrameworksBuildPhase section */
		EF789B6B2A24D6DC006EC6D8 /* Frameworks */ = {
			isa = PBXFrameworksBuildPhase;
			buildActionMask = 2147483647;
			files = (
			);
			runOnlyForDeploymentPostprocessing = 0;
		};
		EF789B882A30ABF9006EC6D8 /* Frameworks */ = {
			isa = PBXFrameworksBuildPhase;
			buildActionMask = 2147483647;
			files = (
				EF789B902A30ABFA006EC6D8 /* SwiftUI.framework in Frameworks */,
				EF789B8E2A30ABFA006EC6D8 /* WidgetKit.framework in Frameworks */,
			);
			runOnlyForDeploymentPostprocessing = 0;
		};
		EFC1A12E2A83D6E00023754E /* Frameworks */ = {
			isa = PBXFrameworksBuildPhase;
			buildActionMask = 2147483647;
			files = (
			);
			runOnlyForDeploymentPostprocessing = 0;
		};
/* End PBXFrameworksBuildPhase section */

/* Begin PBXGroup section */
		B5F4040B2AC3565100D4A6BD /* ConfigFile */ = {
			isa = PBXGroup;
			children = (
				B5F404092AC3563000D4A6BD /* Development.xcconfig */,
				B5F4040A2AC3564600D4A6BD /* Production.xcconfig */,
			);
			path = ConfigFile;
			sourceTree = "<group>";
		};
		EF789B652A24D6DC006EC6D8 = {
			isa = PBXGroup;
			children = (
				EF38A0952A4C736500DF1AF9 /* ControllersWidgetExtension.entitlements */,
				EF789B702A24D6DC006EC6D8 /* Controllers */,
				EF789B912A30ABFA006EC6D8 /* ControllersWidget */,
				EFC1A1322A83D6E00023754E /* ControllersTests */,
				EF789B8C2A30ABFA006EC6D8 /* Frameworks */,
				EF789B6F2A24D6DC006EC6D8 /* Products */,
			);
			sourceTree = "<group>";
		};
		EF789B6F2A24D6DC006EC6D8 /* Products */ = {
			isa = PBXGroup;
			children = (
				EF789B6E2A24D6DC006EC6D8 /* Controllers.app */,
				EF789B8B2A30ABFA006EC6D8 /* ControllersWidgetExtension.appex */,
				EFC1A1312A83D6E00023754E /* ControllersTests.xctest */,
			);
			name = Products;
			sourceTree = "<group>";
		};
		EF789B702A24D6DC006EC6D8 /* Controllers */ = {
			isa = PBXGroup;
			children = (
				EF1D09C22A4180EB00DCDDDB /* Controllers.entitlements */,
				EF9362392A9B99670009E8E8 /* Applications */,
				EF93623A2A9B99990009E8E8 /* Sources */,
				EF9362442A9BA1D90009E8E8 /* Supporting Files */,
				B5F4040B2AC3565100D4A6BD /* ConfigFile */,
			);
			path = Controllers;
			sourceTree = "<group>";
		};
		EF789B8C2A30ABFA006EC6D8 /* Frameworks */ = {
			isa = PBXGroup;
			children = (
				EF789B8D2A30ABFA006EC6D8 /* WidgetKit.framework */,
				EF789B8F2A30ABFA006EC6D8 /* SwiftUI.framework */,
			);
			name = Frameworks;
			sourceTree = "<group>";
		};
		EF789B912A30ABFA006EC6D8 /* ControllersWidget */ = {
			isa = PBXGroup;
			children = (
				EF789B922A30ABFA006EC6D8 /* ControllersWidgetBundle.swift */,
				EF789B942A30ABFA006EC6D8 /* ControllersWidget.swift */,
				369B34082A4C511E00DBCC29 /* ProgressBar.swift */,
				EF789B962A30ABFB006EC6D8 /* Assets.xcassets */,
				EF789B982A30ABFB006EC6D8 /* Info.plist */,
				B5F4040C2AC35BA800D4A6BD /* Development_Widget.xcconfig */,
				B5F4040D2AC35BB600D4A6BD /* Production_Widget.xcconfig */,
			);
			path = ControllersWidget;
			sourceTree = "<group>";
		};
		EF9362392A9B99670009E8E8 /* Applications */ = {
			isa = PBXGroup;
			children = (
				EF789B712A24D6DC006EC6D8 /* AppDelegate.swift */,
				EF789B732A24D6DC006EC6D8 /* SceneDelegate.swift */,
			);
			path = Applications;
			sourceTree = "<group>";
		};
		EF93623A2A9B99990009E8E8 /* Sources */ = {
			isa = PBXGroup;
			children = (
				EF93623D2A9B9A010009E8E8 /* Extensions */,
				EF93623E2A9B9A1E0009E8E8 /* Models */,
				EF9362292A9645100009E8E8 /* MainTabBarController.swift */,
				EF93623B2A9B99DD0009E8E8 /* Controller */,
				EF93623C2A9B99EA0009E8E8 /* Setting */,
			);
			path = Sources;
			sourceTree = "<group>";
		};
		EF93623B2A9B99DD0009E8E8 /* Controller */ = {
			isa = PBXGroup;
			children = (
				EF789B752A24D6DC006EC6D8 /* ViewController.swift */,
				EFF2FF912A30DEFF0070F271 /* CircularProgressBarView.swift */,
			);
			path = Controller;
			sourceTree = "<group>";
		};
		EF93623C2A9B99EA0009E8E8 /* Setting */ = {
			isa = PBXGroup;
			children = (
				EF93622B2A9646D50009E8E8 /* SettingViewController.swift */,
				EF9362422A9B9CF00009E8E8 /* SettingItemCell.swift */,
				EF9362472A9BA5270009E8E8 /* SettingDTO.swift */,
				EF9362512A9E0B300009E8E8 /* InfoViewController.swift */,
			);
			path = Setting;
			sourceTree = "<group>";
		};
		EF93623D2A9B9A010009E8E8 /* Extensions */ = {
			isa = PBXGroup;
			children = (
				EF38A0962A4C745A00DF1AF9 /* UserDefaults+.swift */,
				369B340B2A4D13B300DBCC29 /* StringKey+.swift */,
				EF9362372A9B4A860009E8E8 /* UIColor+.swift */,
				EF93624B2A9BA8DA0009E8E8 /* Array+.swift */,
				EF93624F2A9CF5AD0009E8E8 /* UIApplication+.swift */,
				EF9362612A9E2D3E0009E8E8 /* String+.swift */,
			);
			path = Extensions;
			sourceTree = "<group>";
		};
		EF93623E2A9B9A1E0009E8E8 /* Models */ = {
			isa = PBXGroup;
			children = (
				EF93622D2A9657FB0009E8E8 /* StoreObserver.swift */,
				EF9362332A9A63890009E8E8 /* StoreKitManager.swift */,
				EF789B852A24DC24006EC6D8 /* GameControllerManager.swift */,
				EF9362492A9BA61A0009E8E8 /* CustomJSONDecoder.swift */,
				B5F403FD2AC126EB00D4A6BD /* FetchGameControllerOperation.swift */,
			);
			path = Models;
			sourceTree = "<group>";
		};
		EF9362442A9BA1D90009E8E8 /* Supporting Files */ = {
			isa = PBXGroup;
			children = (
				EF789B7A2A24D6DD006EC6D8 /* Assets.xcassets */,
				EF789B7C2A24D6DD006EC6D8 /* LaunchScreen.storyboard */,
				EF789B7F2A24D6DD006EC6D8 /* Info.plist */,
				EF9362312A9A56D50009E8E8 /* ProductIDs.plist */,
				EF9362352A9B49B70009E8E8 /* ColorAsset.xcassets */,
				EF9362572A9E26120009E8E8 /* InfoPlist.strings */,
				EF93625C2A9E2B670009E8E8 /* Localizable.strings */,
			);
			path = "Supporting Files";
			sourceTree = "<group>";
		};
		EFC1A1322A83D6E00023754E /* ControllersTests */ = {
			isa = PBXGroup;
			children = (
				EFC1A1332A83D6E00023754E /* ControllersTests.swift */,
			);
			path = ControllersTests;
			sourceTree = "<group>";
		};
/* End PBXGroup section */

/* Begin PBXNativeTarget section */
		EF789B6D2A24D6DC006EC6D8 /* Controllers */ = {
			isa = PBXNativeTarget;
			buildConfigurationList = EF789B822A24D6DD006EC6D8 /* Build configuration list for PBXNativeTarget "Controllers" */;
			buildPhases = (
				EF789B6A2A24D6DC006EC6D8 /* Sources */,
				EF789B6B2A24D6DC006EC6D8 /* Frameworks */,
				EF789B6C2A24D6DC006EC6D8 /* Resources */,
				EF789B9C2A30ABFB006EC6D8 /* Embed Foundation Extensions */,
			);
			buildRules = (
			);
			dependencies = (
				EF789B9A2A30ABFB006EC6D8 /* PBXTargetDependency */,
			);
			name = Controllers;
			productName = Controllers;
			productReference = EF789B6E2A24D6DC006EC6D8 /* Controllers.app */;
			productType = "com.apple.product-type.application";
		};
		EF789B8A2A30ABF9006EC6D8 /* ControllersWidgetExtension */ = {
			isa = PBXNativeTarget;
			buildConfigurationList = EF789B9F2A30ABFB006EC6D8 /* Build configuration list for PBXNativeTarget "ControllersWidgetExtension" */;
			buildPhases = (
				EF789B872A30ABF9006EC6D8 /* Sources */,
				EF789B882A30ABF9006EC6D8 /* Frameworks */,
				EF789B892A30ABF9006EC6D8 /* Resources */,
			);
			buildRules = (
			);
			dependencies = (
			);
			name = ControllersWidgetExtension;
			productName = ControllersWidgetExtension;
			productReference = EF789B8B2A30ABFA006EC6D8 /* ControllersWidgetExtension.appex */;
			productType = "com.apple.product-type.app-extension";
		};
		EFC1A1302A83D6E00023754E /* ControllersTests */ = {
			isa = PBXNativeTarget;
			buildConfigurationList = EFC1A1392A83D6E00023754E /* Build configuration list for PBXNativeTarget "ControllersTests" */;
			buildPhases = (
				EFC1A12D2A83D6E00023754E /* Sources */,
				EFC1A12E2A83D6E00023754E /* Frameworks */,
				EFC1A12F2A83D6E00023754E /* Resources */,
			);
			buildRules = (
			);
			dependencies = (
				EFC1A1362A83D6E00023754E /* PBXTargetDependency */,
			);
			name = ControllersTests;
			productName = ControllersTests;
			productReference = EFC1A1312A83D6E00023754E /* ControllersTests.xctest */;
			productType = "com.apple.product-type.bundle.unit-test";
		};
/* End PBXNativeTarget section */

/* Begin PBXProject section */
		EF789B662A24D6DC006EC6D8 /* Project object */ = {
			isa = PBXProject;
			attributes = {
				BuildIndependentTargetsInParallel = 1;
				LastSwiftUpdateCheck = 1430;
				LastUpgradeCheck = 1420;
				TargetAttributes = {
					EF789B6D2A24D6DC006EC6D8 = {
						CreatedOnToolsVersion = 14.2;
					};
					EF789B8A2A30ABF9006EC6D8 = {
						CreatedOnToolsVersion = 14.2;
					};
					EFC1A1302A83D6E00023754E = {
						CreatedOnToolsVersion = 14.3;
						TestTargetID = EF789B6D2A24D6DC006EC6D8;
					};
				};
			};
			buildConfigurationList = EF789B692A24D6DC006EC6D8 /* Build configuration list for PBXProject "Controllers" */;
			compatibilityVersion = "Xcode 14.0";
			developmentRegion = en;
			hasScannedForEncodings = 0;
			knownRegions = (
				en,
				Base,
				ja,
				ko,
			);
			mainGroup = EF789B652A24D6DC006EC6D8;
			productRefGroup = EF789B6F2A24D6DC006EC6D8 /* Products */;
			projectDirPath = "";
			projectRoot = "";
			targets = (
				EF789B6D2A24D6DC006EC6D8 /* Controllers */,
				EF789B8A2A30ABF9006EC6D8 /* ControllersWidgetExtension */,
				EFC1A1302A83D6E00023754E /* ControllersTests */,
			);
		};
/* End PBXProject section */

/* Begin PBXResourcesBuildPhase section */
		EF789B6C2A24D6DC006EC6D8 /* Resources */ = {
			isa = PBXResourcesBuildPhase;
			buildActionMask = 2147483647;
			files = (
				EF789B7E2A24D6DD006EC6D8 /* LaunchScreen.storyboard in Resources */,
				B5F404152AC36BF500D4A6BD /* InfoPlist.strings in Resources */,
				EF93625A2A9E2B670009E8E8 /* Localizable.strings in Resources */,
				EF9362322A9A56D50009E8E8 /* ProductIDs.plist in Resources */,
				EF9362362A9B49B70009E8E8 /* ColorAsset.xcassets in Resources */,
				EF789B7B2A24D6DD006EC6D8 /* Assets.xcassets in Resources */,
			);
			runOnlyForDeploymentPostprocessing = 0;
		};
		EF789B892A30ABF9006EC6D8 /* Resources */ = {
			isa = PBXResourcesBuildPhase;
			buildActionMask = 2147483647;
			files = (
				EF789B972A30ABFB006EC6D8 /* Assets.xcassets in Resources */,
			);
			runOnlyForDeploymentPostprocessing = 0;
		};
		EFC1A12F2A83D6E00023754E /* Resources */ = {
			isa = PBXResourcesBuildPhase;
			buildActionMask = 2147483647;
			files = (
			);
			runOnlyForDeploymentPostprocessing = 0;
		};
/* End PBXResourcesBuildPhase section */

/* Begin PBXSourcesBuildPhase section */
		EF789B6A2A24D6DC006EC6D8 /* Sources */ = {
			isa = PBXSourcesBuildPhase;
			buildActionMask = 2147483647;
			files = (
				EF789B762A24D6DC006EC6D8 /* ViewController.swift in Sources */,
				EF93624C2A9BA8DA0009E8E8 /* Array+.swift in Sources */,
				EF93624A2A9BA61A0009E8E8 /* CustomJSONDecoder.swift in Sources */,
				EF9362522A9E0B300009E8E8 /* InfoViewController.swift in Sources */,
				B5F404002AC2CFD400D4A6BD /* StoreKitManager.swift in Sources */,
				EF9362622A9E2D3E0009E8E8 /* String+.swift in Sources */,
				EF9362432A9B9CF00009E8E8 /* SettingItemCell.swift in Sources */,
				EF789B862A24DC24006EC6D8 /* GameControllerManager.swift in Sources */,
				EF93622A2A9645100009E8E8 /* MainTabBarController.swift in Sources */,
				EF789B722A24D6DC006EC6D8 /* AppDelegate.swift in Sources */,
				EF9362382A9B4A860009E8E8 /* UIColor+.swift in Sources */,
				B5F403FF2AC2CF7B00D4A6BD /* StoreObserver.swift in Sources */,
				EF789B742A24D6DC006EC6D8 /* SceneDelegate.swift in Sources */,
				EF9362482A9BA5270009E8E8 /* SettingDTO.swift in Sources */,
				EF9362502A9CF5AD0009E8E8 /* UIApplication+.swift in Sources */,
				EF93622C2A9646D50009E8E8 /* SettingViewController.swift in Sources */,
				B5F403FE2AC126EB00D4A6BD /* FetchGameControllerOperation.swift in Sources */,
				EF38A0972A4C745A00DF1AF9 /* UserDefaults+.swift in Sources */,
				369B340C2A4D13B300DBCC29 /* StringKey+.swift in Sources */,
				EFF2FF922A30DEFF0070F271 /* CircularProgressBarView.swift in Sources */,
			);
			runOnlyForDeploymentPostprocessing = 0;
		};
		EF789B872A30ABF9006EC6D8 /* Sources */ = {
			isa = PBXSourcesBuildPhase;
			buildActionMask = 2147483647;
			files = (
				EF789B932A30ABFA006EC6D8 /* ControllersWidgetBundle.swift in Sources */,
				369B340A2A4C515300DBCC29 /* ProgressBar.swift in Sources */,
				EF9362412A9B9A8A0009E8E8 /* StringKey+.swift in Sources */,
				EF9362402A9B9A770009E8E8 /* UserDefaults+.swift in Sources */,
				EF789B952A30ABFA006EC6D8 /* ControllersWidget.swift in Sources */,
				EF93623F2A9B9A690009E8E8 /* GameControllerManager.swift in Sources */,
			);
			runOnlyForDeploymentPostprocessing = 0;
		};
		EFC1A12D2A83D6E00023754E /* Sources */ = {
			isa = PBXSourcesBuildPhase;
			buildActionMask = 2147483647;
			files = (
				EFC1A1342A83D6E00023754E /* ControllersTests.swift in Sources */,
			);
			runOnlyForDeploymentPostprocessing = 0;
		};
/* End PBXSourcesBuildPhase section */

/* Begin PBXTargetDependency section */
		EF789B9A2A30ABFB006EC6D8 /* PBXTargetDependency */ = {
			isa = PBXTargetDependency;
			target = EF789B8A2A30ABF9006EC6D8 /* ControllersWidgetExtension */;
			targetProxy = EF789B992A30ABFB006EC6D8 /* PBXContainerItemProxy */;
		};
		EFC1A1362A83D6E00023754E /* PBXTargetDependency */ = {
			isa = PBXTargetDependency;
			target = EF789B6D2A24D6DC006EC6D8 /* Controllers */;
			targetProxy = EFC1A1352A83D6E00023754E /* PBXContainerItemProxy */;
		};
/* End PBXTargetDependency section */

/* Begin PBXVariantGroup section */
		EF789B7C2A24D6DD006EC6D8 /* LaunchScreen.storyboard */ = {
			isa = PBXVariantGroup;
			children = (
				EF789B7D2A24D6DD006EC6D8 /* Base */,
			);
			name = LaunchScreen.storyboard;
			sourceTree = "<group>";
		};
		EF9362572A9E26120009E8E8 /* InfoPlist.strings */ = {
			isa = PBXVariantGroup;
			children = (
				EF9362562A9E26120009E8E8 /* en */,
				EF93625D2A9E2B7A0009E8E8 /* ja */,
				EF93625F2A9E2B860009E8E8 /* ko */,
			);
			name = InfoPlist.strings;
			sourceTree = "<group>";
		};
		EF93625C2A9E2B670009E8E8 /* Localizable.strings */ = {
			isa = PBXVariantGroup;
			children = (
				EF93625B2A9E2B670009E8E8 /* en */,
				EF93625E2A9E2B7A0009E8E8 /* ja */,
				EF9362602A9E2B860009E8E8 /* ko */,
			);
			name = Localizable.strings;
			sourceTree = "<group>";
		};
/* End PBXVariantGroup section */

/* Begin XCBuildConfiguration section */
		B5F404012AC3556D00D4A6BD /* Debug (Production) */ = {
			isa = XCBuildConfiguration;
			buildSettings = {
				ALWAYS_SEARCH_USER_PATHS = NO;
				CLANG_ANALYZER_LOCALIZABILITY_NONLOCALIZED = YES;
				CLANG_ANALYZER_NONNULL = YES;
				CLANG_ANALYZER_NUMBER_OBJECT_CONVERSION = YES_AGGRESSIVE;
				CLANG_CXX_LANGUAGE_STANDARD = "gnu++20";
				CLANG_ENABLE_MODULES = YES;
				CLANG_ENABLE_OBJC_ARC = YES;
				CLANG_ENABLE_OBJC_WEAK = YES;
				CLANG_WARN_BLOCK_CAPTURE_AUTORELEASING = YES;
				CLANG_WARN_BOOL_CONVERSION = YES;
				CLANG_WARN_COMMA = YES;
				CLANG_WARN_CONSTANT_CONVERSION = YES;
				CLANG_WARN_DEPRECATED_OBJC_IMPLEMENTATIONS = YES;
				CLANG_WARN_DIRECT_OBJC_ISA_USAGE = YES_ERROR;
				CLANG_WARN_DOCUMENTATION_COMMENTS = YES;
				CLANG_WARN_EMPTY_BODY = YES;
				CLANG_WARN_ENUM_CONVERSION = YES;
				CLANG_WARN_INFINITE_RECURSION = YES;
				CLANG_WARN_INT_CONVERSION = YES;
				CLANG_WARN_NON_LITERAL_NULL_CONVERSION = YES;
				CLANG_WARN_OBJC_IMPLICIT_RETAIN_SELF = YES;
				CLANG_WARN_OBJC_LITERAL_CONVERSION = YES;
				CLANG_WARN_OBJC_ROOT_CLASS = YES_ERROR;
				CLANG_WARN_QUOTED_INCLUDE_IN_FRAMEWORK_HEADER = YES;
				CLANG_WARN_RANGE_LOOP_ANALYSIS = YES;
				CLANG_WARN_STRICT_PROTOTYPES = YES;
				CLANG_WARN_SUSPICIOUS_MOVE = YES;
				CLANG_WARN_UNGUARDED_AVAILABILITY = YES_AGGRESSIVE;
				CLANG_WARN_UNREACHABLE_CODE = YES;
				CLANG_WARN__DUPLICATE_METHOD_MATCH = YES;
				COPY_PHASE_STRIP = NO;
				DEBUG_INFORMATION_FORMAT = dwarf;
				ENABLE_STRICT_OBJC_MSGSEND = YES;
				ENABLE_TESTABILITY = YES;
				GCC_C_LANGUAGE_STANDARD = gnu11;
				GCC_DYNAMIC_NO_PIC = NO;
				GCC_NO_COMMON_BLOCKS = YES;
				GCC_OPTIMIZATION_LEVEL = 0;
				GCC_PREPROCESSOR_DEFINITIONS = (
					"DEBUG=1",
					"$(inherited)",
				);
				GCC_WARN_64_TO_32_BIT_CONVERSION = YES;
				GCC_WARN_ABOUT_RETURN_TYPE = YES_ERROR;
				GCC_WARN_UNDECLARED_SELECTOR = YES;
				GCC_WARN_UNINITIALIZED_AUTOS = YES_AGGRESSIVE;
				GCC_WARN_UNUSED_FUNCTION = YES;
				GCC_WARN_UNUSED_VARIABLE = YES;
				GENERATE_INFOPLIST_FILE = NO;
				INFOPLIST_FILE = "";
				IPHONEOS_DEPLOYMENT_TARGET = 14.0;
				MTL_ENABLE_DEBUG_INFO = INCLUDE_SOURCE;
				MTL_FAST_MATH = YES;
				ONLY_ACTIVE_ARCH = YES;
				SDKROOT = iphoneos;
				SWIFT_ACTIVE_COMPILATION_CONDITIONS = DEBUG;
				SWIFT_OPTIMIZATION_LEVEL = "-Onone";
			};
			name = "Debug (Production)";
		};
		B5F404022AC3556D00D4A6BD /* Debug (Production) */ = {
			isa = XCBuildConfiguration;
			baseConfigurationReference = B5F4040A2AC3564600D4A6BD /* Production.xcconfig */;
			buildSettings = {
				ALWAYS_EMBED_SWIFT_STANDARD_LIBRARIES = YES;
				ASSETCATALOG_COMPILER_APPICON_NAME = AppIcon;
				ASSETCATALOG_COMPILER_GLOBAL_ACCENT_COLOR_NAME = AccentColor;
				CODE_SIGN_ENTITLEMENTS = Controllers/Controllers.entitlements;
				CODE_SIGN_STYLE = Automatic;
				CURRENT_PROJECT_VERSION = 1.0.2;
				DEVELOPMENT_TEAM = FL4QTRRKMD;
				GENERATE_INFOPLIST_FILE = YES;
				INFOPLIST_FILE = "Controllers/Supporting Files/Info.plist";
				INFOPLIST_KEY_CFBundleDisplayName = "$(APP_DISPLAY_NAME)";
				INFOPLIST_KEY_UIApplicationSupportsIndirectInputEvents = YES;
				INFOPLIST_KEY_UILaunchStoryboardName = LaunchScreen;
				INFOPLIST_KEY_UIRequiresFullScreen = YES;
				INFOPLIST_KEY_UISupportedInterfaceOrientations = UIInterfaceOrientationPortrait;
				INFOPLIST_KEY_UISupportedInterfaceOrientations_iPad = "UIInterfaceOrientationLandscapeRight UIInterfaceOrientationPortrait";
				IPHONEOS_DEPLOYMENT_TARGET = 14.0;
				LD_RUNPATH_SEARCH_PATHS = (
					"$(inherited)",
					"@executable_path/Frameworks",
				);
				MARKETING_VERSION = 1.0.1;
				PRODUCT_BUNDLE_IDENTIFIER = "$(inherited)";
				PRODUCT_NAME = "$(TARGET_NAME)";
				SUPPORTED_PLATFORMS = "iphoneos iphonesimulator";
				SUPPORTS_MACCATALYST = NO;
				SUPPORTS_MAC_DESIGNED_FOR_IPHONE_IPAD = NO;
				SWIFT_EMIT_LOC_STRINGS = YES;
				SWIFT_VERSION = 5.0;
				TARGETED_DEVICE_FAMILY = "1,2";
			};
			name = "Debug (Production)";
		};
		B5F404032AC3556D00D4A6BD /* Debug (Production) */ = {
			isa = XCBuildConfiguration;
			baseConfigurationReference = B5F4040D2AC35BB600D4A6BD /* Production_Widget.xcconfig */;
			buildSettings = {
				ASSETCATALOG_COMPILER_GLOBAL_ACCENT_COLOR_NAME = AccentColor;
				ASSETCATALOG_COMPILER_WIDGET_BACKGROUND_COLOR_NAME = WidgetBackground;
				CODE_SIGN_ENTITLEMENTS = ControllersWidgetExtension.entitlements;
				CODE_SIGN_STYLE = Automatic;
				CURRENT_PROJECT_VERSION = 1.0.2;
				DEVELOPMENT_TEAM = FL4QTRRKMD;
				GENERATE_INFOPLIST_FILE = YES;
				INFOPLIST_FILE = ControllersWidget/Info.plist;
				INFOPLIST_KEY_CFBundleDisplayName = "아차 충전 !";
				INFOPLIST_KEY_NSHumanReadableCopyright = "";
				IPHONEOS_DEPLOYMENT_TARGET = 14.0;
				LD_RUNPATH_SEARCH_PATHS = (
					"$(inherited)",
					"@executable_path/Frameworks",
					"@executable_path/../../Frameworks",
				);
				MARKETING_VERSION = 1.0.1;
				PRODUCT_BUNDLE_IDENTIFIER = "$(inherited)";
				PRODUCT_NAME = "$(TARGET_NAME)";
				SKIP_INSTALL = YES;
				SWIFT_EMIT_LOC_STRINGS = YES;
				SWIFT_VERSION = 5.0;
				TARGETED_DEVICE_FAMILY = "1,2";
			};
			name = "Debug (Production)";
		};
		B5F404042AC3556D00D4A6BD /* Debug (Production) */ = {
			isa = XCBuildConfiguration;
			buildSettings = {
				BUNDLE_LOADER = "$(TEST_HOST)";
				CODE_SIGN_STYLE = Automatic;
				CURRENT_PROJECT_VERSION = 1;
				GENERATE_INFOPLIST_FILE = YES;
				IPHONEOS_DEPLOYMENT_TARGET = 16.4;
				MARKETING_VERSION = 1.0;
				PRODUCT_BUNDLE_IDENTIFIER = arex.ControllersTests;
				PRODUCT_NAME = "$(TARGET_NAME)";
				SWIFT_EMIT_LOC_STRINGS = NO;
				SWIFT_VERSION = 5.0;
				TARGETED_DEVICE_FAMILY = "1,2";
				TEST_HOST = "$(BUILT_PRODUCTS_DIR)/Controllers.app/$(BUNDLE_EXECUTABLE_FOLDER_PATH)/Controllers";
			};
			name = "Debug (Production)";
		};
		B5F404052AC3558E00D4A6BD /* Release (Production) */ = {
			isa = XCBuildConfiguration;
			buildSettings = {
				ALWAYS_SEARCH_USER_PATHS = NO;
				CLANG_ANALYZER_LOCALIZABILITY_NONLOCALIZED = YES;
				CLANG_ANALYZER_NONNULL = YES;
				CLANG_ANALYZER_NUMBER_OBJECT_CONVERSION = YES_AGGRESSIVE;
				CLANG_CXX_LANGUAGE_STANDARD = "gnu++20";
				CLANG_ENABLE_MODULES = YES;
				CLANG_ENABLE_OBJC_ARC = YES;
				CLANG_ENABLE_OBJC_WEAK = YES;
				CLANG_WARN_BLOCK_CAPTURE_AUTORELEASING = YES;
				CLANG_WARN_BOOL_CONVERSION = YES;
				CLANG_WARN_COMMA = YES;
				CLANG_WARN_CONSTANT_CONVERSION = YES;
				CLANG_WARN_DEPRECATED_OBJC_IMPLEMENTATIONS = YES;
				CLANG_WARN_DIRECT_OBJC_ISA_USAGE = YES_ERROR;
				CLANG_WARN_DOCUMENTATION_COMMENTS = YES;
				CLANG_WARN_EMPTY_BODY = YES;
				CLANG_WARN_ENUM_CONVERSION = YES;
				CLANG_WARN_INFINITE_RECURSION = YES;
				CLANG_WARN_INT_CONVERSION = YES;
				CLANG_WARN_NON_LITERAL_NULL_CONVERSION = YES;
				CLANG_WARN_OBJC_IMPLICIT_RETAIN_SELF = YES;
				CLANG_WARN_OBJC_LITERAL_CONVERSION = YES;
				CLANG_WARN_OBJC_ROOT_CLASS = YES_ERROR;
				CLANG_WARN_QUOTED_INCLUDE_IN_FRAMEWORK_HEADER = YES;
				CLANG_WARN_RANGE_LOOP_ANALYSIS = YES;
				CLANG_WARN_STRICT_PROTOTYPES = YES;
				CLANG_WARN_SUSPICIOUS_MOVE = YES;
				CLANG_WARN_UNGUARDED_AVAILABILITY = YES_AGGRESSIVE;
				CLANG_WARN_UNREACHABLE_CODE = YES;
				CLANG_WARN__DUPLICATE_METHOD_MATCH = YES;
				COPY_PHASE_STRIP = NO;
				DEBUG_INFORMATION_FORMAT = "dwarf-with-dsym";
				ENABLE_NS_ASSERTIONS = NO;
				ENABLE_STRICT_OBJC_MSGSEND = YES;
				GCC_C_LANGUAGE_STANDARD = gnu11;
				GCC_NO_COMMON_BLOCKS = YES;
				GCC_WARN_64_TO_32_BIT_CONVERSION = YES;
				GCC_WARN_ABOUT_RETURN_TYPE = YES_ERROR;
				GCC_WARN_UNDECLARED_SELECTOR = YES;
				GCC_WARN_UNINITIALIZED_AUTOS = YES_AGGRESSIVE;
				GCC_WARN_UNUSED_FUNCTION = YES;
				GCC_WARN_UNUSED_VARIABLE = YES;
				GENERATE_INFOPLIST_FILE = NO;
				INFOPLIST_FILE = "";
				IPHONEOS_DEPLOYMENT_TARGET = 14.0;
				MTL_ENABLE_DEBUG_INFO = NO;
				MTL_FAST_MATH = YES;
				SDKROOT = iphoneos;
				SWIFT_COMPILATION_MODE = wholemodule;
				SWIFT_OPTIMIZATION_LEVEL = "-O";
				VALIDATE_PRODUCT = YES;
			};
			name = "Release (Production)";
		};
		B5F404062AC3558E00D4A6BD /* Release (Production) */ = {
			isa = XCBuildConfiguration;
			baseConfigurationReference = B5F4040A2AC3564600D4A6BD /* Production.xcconfig */;
			buildSettings = {
				ALWAYS_EMBED_SWIFT_STANDARD_LIBRARIES = YES;
				ASSETCATALOG_COMPILER_APPICON_NAME = AppIcon;
				ASSETCATALOG_COMPILER_GLOBAL_ACCENT_COLOR_NAME = AccentColor;
				CODE_SIGN_ENTITLEMENTS = Controllers/Controllers.entitlements;
				CODE_SIGN_STYLE = Automatic;
				CURRENT_PROJECT_VERSION = 1.0.2;
				DEVELOPMENT_TEAM = FL4QTRRKMD;
				GENERATE_INFOPLIST_FILE = YES;
				INFOPLIST_FILE = "Controllers/Supporting Files/Info.plist";
				INFOPLIST_KEY_CFBundleDisplayName = "$(APP_DISPLAY_NAME)";
				INFOPLIST_KEY_UIApplicationSupportsIndirectInputEvents = YES;
				INFOPLIST_KEY_UILaunchStoryboardName = LaunchScreen;
				INFOPLIST_KEY_UIRequiresFullScreen = YES;
				INFOPLIST_KEY_UISupportedInterfaceOrientations = UIInterfaceOrientationPortrait;
				INFOPLIST_KEY_UISupportedInterfaceOrientations_iPad = "UIInterfaceOrientationLandscapeRight UIInterfaceOrientationPortrait";
				IPHONEOS_DEPLOYMENT_TARGET = 14.0;
				LD_RUNPATH_SEARCH_PATHS = (
					"$(inherited)",
					"@executable_path/Frameworks",
				);
				MARKETING_VERSION = 1.0.1;
				PRODUCT_BUNDLE_IDENTIFIER = "$(inherited)";
				PRODUCT_NAME = "$(TARGET_NAME)";
				SUPPORTED_PLATFORMS = "iphoneos iphonesimulator";
				SUPPORTS_MACCATALYST = NO;
				SUPPORTS_MAC_DESIGNED_FOR_IPHONE_IPAD = NO;
				SWIFT_EMIT_LOC_STRINGS = YES;
				SWIFT_VERSION = 5.0;
				TARGETED_DEVICE_FAMILY = "1,2";
			};
			name = "Release (Production)";
		};
		B5F404072AC3558E00D4A6BD /* Release (Production) */ = {
			isa = XCBuildConfiguration;
			baseConfigurationReference = B5F4040D2AC35BB600D4A6BD /* Production_Widget.xcconfig */;
			buildSettings = {
				ASSETCATALOG_COMPILER_GLOBAL_ACCENT_COLOR_NAME = AccentColor;
				ASSETCATALOG_COMPILER_WIDGET_BACKGROUND_COLOR_NAME = WidgetBackground;
				CODE_SIGN_ENTITLEMENTS = ControllersWidgetExtension.entitlements;
				CODE_SIGN_STYLE = Automatic;
				CURRENT_PROJECT_VERSION = 1.0.2;
				DEVELOPMENT_TEAM = FL4QTRRKMD;
				GENERATE_INFOPLIST_FILE = YES;
				INFOPLIST_FILE = ControllersWidget/Info.plist;
				INFOPLIST_KEY_CFBundleDisplayName = "아차 충전 !";
				INFOPLIST_KEY_NSHumanReadableCopyright = "";
				IPHONEOS_DEPLOYMENT_TARGET = 14.0;
				LD_RUNPATH_SEARCH_PATHS = (
					"$(inherited)",
					"@executable_path/Frameworks",
					"@executable_path/../../Frameworks",
				);
				MARKETING_VERSION = 1.0.1;
				PRODUCT_BUNDLE_IDENTIFIER = "$(inherited)";
				PRODUCT_NAME = "$(TARGET_NAME)";
				SKIP_INSTALL = YES;
				SWIFT_EMIT_LOC_STRINGS = YES;
				SWIFT_VERSION = 5.0;
				TARGETED_DEVICE_FAMILY = "1,2";
			};
			name = "Release (Production)";
		};
		B5F404082AC3558E00D4A6BD /* Release (Production) */ = {
			isa = XCBuildConfiguration;
			buildSettings = {
				BUNDLE_LOADER = "$(TEST_HOST)";
				CODE_SIGN_STYLE = Automatic;
				CURRENT_PROJECT_VERSION = 1;
				GENERATE_INFOPLIST_FILE = YES;
				IPHONEOS_DEPLOYMENT_TARGET = 16.4;
				MARKETING_VERSION = 1.0;
				PRODUCT_BUNDLE_IDENTIFIER = arex.ControllersTests;
				PRODUCT_NAME = "$(TARGET_NAME)";
				SWIFT_EMIT_LOC_STRINGS = NO;
				SWIFT_VERSION = 5.0;
				TARGETED_DEVICE_FAMILY = "1,2";
				TEST_HOST = "$(BUILT_PRODUCTS_DIR)/Controllers.app/$(BUNDLE_EXECUTABLE_FOLDER_PATH)/Controllers";
			};
			name = "Release (Production)";
		};
		EF789B802A24D6DD006EC6D8 /* Debug (Development) */ = {
			isa = XCBuildConfiguration;
			buildSettings = {
				ALWAYS_SEARCH_USER_PATHS = NO;
				CLANG_ANALYZER_LOCALIZABILITY_NONLOCALIZED = YES;
				CLANG_ANALYZER_NONNULL = YES;
				CLANG_ANALYZER_NUMBER_OBJECT_CONVERSION = YES_AGGRESSIVE;
				CLANG_CXX_LANGUAGE_STANDARD = "gnu++20";
				CLANG_ENABLE_MODULES = YES;
				CLANG_ENABLE_OBJC_ARC = YES;
				CLANG_ENABLE_OBJC_WEAK = YES;
				CLANG_WARN_BLOCK_CAPTURE_AUTORELEASING = YES;
				CLANG_WARN_BOOL_CONVERSION = YES;
				CLANG_WARN_COMMA = YES;
				CLANG_WARN_CONSTANT_CONVERSION = YES;
				CLANG_WARN_DEPRECATED_OBJC_IMPLEMENTATIONS = YES;
				CLANG_WARN_DIRECT_OBJC_ISA_USAGE = YES_ERROR;
				CLANG_WARN_DOCUMENTATION_COMMENTS = YES;
				CLANG_WARN_EMPTY_BODY = YES;
				CLANG_WARN_ENUM_CONVERSION = YES;
				CLANG_WARN_INFINITE_RECURSION = YES;
				CLANG_WARN_INT_CONVERSION = YES;
				CLANG_WARN_NON_LITERAL_NULL_CONVERSION = YES;
				CLANG_WARN_OBJC_IMPLICIT_RETAIN_SELF = YES;
				CLANG_WARN_OBJC_LITERAL_CONVERSION = YES;
				CLANG_WARN_OBJC_ROOT_CLASS = YES_ERROR;
				CLANG_WARN_QUOTED_INCLUDE_IN_FRAMEWORK_HEADER = YES;
				CLANG_WARN_RANGE_LOOP_ANALYSIS = YES;
				CLANG_WARN_STRICT_PROTOTYPES = YES;
				CLANG_WARN_SUSPICIOUS_MOVE = YES;
				CLANG_WARN_UNGUARDED_AVAILABILITY = YES_AGGRESSIVE;
				CLANG_WARN_UNREACHABLE_CODE = YES;
				CLANG_WARN__DUPLICATE_METHOD_MATCH = YES;
				COPY_PHASE_STRIP = NO;
				DEBUG_INFORMATION_FORMAT = dwarf;
				ENABLE_STRICT_OBJC_MSGSEND = YES;
				ENABLE_TESTABILITY = YES;
				GCC_C_LANGUAGE_STANDARD = gnu11;
				GCC_DYNAMIC_NO_PIC = NO;
				GCC_NO_COMMON_BLOCKS = YES;
				GCC_OPTIMIZATION_LEVEL = 0;
				GCC_PREPROCESSOR_DEFINITIONS = (
					"DEBUG=1",
					"$(inherited)",
				);
				GCC_WARN_64_TO_32_BIT_CONVERSION = YES;
				GCC_WARN_ABOUT_RETURN_TYPE = YES_ERROR;
				GCC_WARN_UNDECLARED_SELECTOR = YES;
				GCC_WARN_UNINITIALIZED_AUTOS = YES_AGGRESSIVE;
				GCC_WARN_UNUSED_FUNCTION = YES;
				GCC_WARN_UNUSED_VARIABLE = YES;
				GENERATE_INFOPLIST_FILE = NO;
				INFOPLIST_FILE = "";
				IPHONEOS_DEPLOYMENT_TARGET = 14.0;
				MTL_ENABLE_DEBUG_INFO = INCLUDE_SOURCE;
				MTL_FAST_MATH = YES;
				ONLY_ACTIVE_ARCH = YES;
				SDKROOT = iphoneos;
				SWIFT_ACTIVE_COMPILATION_CONDITIONS = DEBUG;
				SWIFT_OPTIMIZATION_LEVEL = "-Onone";
			};
			name = "Debug (Development)";
		};
		EF789B812A24D6DD006EC6D8 /* Release (Development) */ = {
			isa = XCBuildConfiguration;
			buildSettings = {
				ALWAYS_SEARCH_USER_PATHS = NO;
				CLANG_ANALYZER_LOCALIZABILITY_NONLOCALIZED = YES;
				CLANG_ANALYZER_NONNULL = YES;
				CLANG_ANALYZER_NUMBER_OBJECT_CONVERSION = YES_AGGRESSIVE;
				CLANG_CXX_LANGUAGE_STANDARD = "gnu++20";
				CLANG_ENABLE_MODULES = YES;
				CLANG_ENABLE_OBJC_ARC = YES;
				CLANG_ENABLE_OBJC_WEAK = YES;
				CLANG_WARN_BLOCK_CAPTURE_AUTORELEASING = YES;
				CLANG_WARN_BOOL_CONVERSION = YES;
				CLANG_WARN_COMMA = YES;
				CLANG_WARN_CONSTANT_CONVERSION = YES;
				CLANG_WARN_DEPRECATED_OBJC_IMPLEMENTATIONS = YES;
				CLANG_WARN_DIRECT_OBJC_ISA_USAGE = YES_ERROR;
				CLANG_WARN_DOCUMENTATION_COMMENTS = YES;
				CLANG_WARN_EMPTY_BODY = YES;
				CLANG_WARN_ENUM_CONVERSION = YES;
				CLANG_WARN_INFINITE_RECURSION = YES;
				CLANG_WARN_INT_CONVERSION = YES;
				CLANG_WARN_NON_LITERAL_NULL_CONVERSION = YES;
				CLANG_WARN_OBJC_IMPLICIT_RETAIN_SELF = YES;
				CLANG_WARN_OBJC_LITERAL_CONVERSION = YES;
				CLANG_WARN_OBJC_ROOT_CLASS = YES_ERROR;
				CLANG_WARN_QUOTED_INCLUDE_IN_FRAMEWORK_HEADER = YES;
				CLANG_WARN_RANGE_LOOP_ANALYSIS = YES;
				CLANG_WARN_STRICT_PROTOTYPES = YES;
				CLANG_WARN_SUSPICIOUS_MOVE = YES;
				CLANG_WARN_UNGUARDED_AVAILABILITY = YES_AGGRESSIVE;
				CLANG_WARN_UNREACHABLE_CODE = YES;
				CLANG_WARN__DUPLICATE_METHOD_MATCH = YES;
				COPY_PHASE_STRIP = NO;
				DEBUG_INFORMATION_FORMAT = "dwarf-with-dsym";
				ENABLE_NS_ASSERTIONS = NO;
				ENABLE_STRICT_OBJC_MSGSEND = YES;
				GCC_C_LANGUAGE_STANDARD = gnu11;
				GCC_NO_COMMON_BLOCKS = YES;
				GCC_WARN_64_TO_32_BIT_CONVERSION = YES;
				GCC_WARN_ABOUT_RETURN_TYPE = YES_ERROR;
				GCC_WARN_UNDECLARED_SELECTOR = YES;
				GCC_WARN_UNINITIALIZED_AUTOS = YES_AGGRESSIVE;
				GCC_WARN_UNUSED_FUNCTION = YES;
				GCC_WARN_UNUSED_VARIABLE = YES;
				GENERATE_INFOPLIST_FILE = NO;
				INFOPLIST_FILE = "";
				IPHONEOS_DEPLOYMENT_TARGET = 14.0;
				MTL_ENABLE_DEBUG_INFO = NO;
				MTL_FAST_MATH = YES;
				SDKROOT = iphoneos;
				SWIFT_COMPILATION_MODE = wholemodule;
				SWIFT_OPTIMIZATION_LEVEL = "-O";
				VALIDATE_PRODUCT = YES;
			};
			name = "Release (Development)";
		};
		EF789B832A24D6DD006EC6D8 /* Debug (Development) */ = {
			isa = XCBuildConfiguration;
			baseConfigurationReference = B5F404092AC3563000D4A6BD /* Development.xcconfig */;
			buildSettings = {
				ALWAYS_EMBED_SWIFT_STANDARD_LIBRARIES = YES;
				ASSETCATALOG_COMPILER_APPICON_NAME = AppIcon;
				ASSETCATALOG_COMPILER_GLOBAL_ACCENT_COLOR_NAME = AccentColor;
				CODE_SIGN_ENTITLEMENTS = Controllers/Controllers.entitlements;
				CODE_SIGN_STYLE = Automatic;
				CURRENT_PROJECT_VERSION = 1.0.2;
				DEVELOPMENT_TEAM = FL4QTRRKMD;
				GENERATE_INFOPLIST_FILE = YES;
				INFOPLIST_FILE = "Controllers/Supporting Files/Info.plist";
				INFOPLIST_KEY_CFBundleDisplayName = "$(APP_DISPLAY_NAME)";
				INFOPLIST_KEY_UIApplicationSupportsIndirectInputEvents = YES;
				INFOPLIST_KEY_UILaunchStoryboardName = LaunchScreen;
				INFOPLIST_KEY_UIRequiresFullScreen = YES;
				INFOPLIST_KEY_UISupportedInterfaceOrientations = UIInterfaceOrientationPortrait;
				INFOPLIST_KEY_UISupportedInterfaceOrientations_iPad = "UIInterfaceOrientationLandscapeRight UIInterfaceOrientationPortrait";
				IPHONEOS_DEPLOYMENT_TARGET = 14.0;
				LD_RUNPATH_SEARCH_PATHS = (
					"$(inherited)",
					"@executable_path/Frameworks",
				);
				MARKETING_VERSION = 1.0.1;
				PRODUCT_BUNDLE_IDENTIFIER = "$(inherited)";
				PRODUCT_NAME = "$(TARGET_NAME)";
				SUPPORTED_PLATFORMS = "iphoneos iphonesimulator";
				SUPPORTS_MACCATALYST = NO;
				SUPPORTS_MAC_DESIGNED_FOR_IPHONE_IPAD = NO;
				SWIFT_EMIT_LOC_STRINGS = YES;
				SWIFT_VERSION = 5.0;
				TARGETED_DEVICE_FAMILY = "1,2";
			};
			name = "Debug (Development)";
		};
		EF789B842A24D6DD006EC6D8 /* Release (Development) */ = {
			isa = XCBuildConfiguration;
			baseConfigurationReference = B5F404092AC3563000D4A6BD /* Development.xcconfig */;
			buildSettings = {
				ALWAYS_EMBED_SWIFT_STANDARD_LIBRARIES = YES;
				ASSETCATALOG_COMPILER_APPICON_NAME = AppIcon;
				ASSETCATALOG_COMPILER_GLOBAL_ACCENT_COLOR_NAME = AccentColor;
				CODE_SIGN_ENTITLEMENTS = Controllers/Controllers.entitlements;
				CODE_SIGN_STYLE = Automatic;
				CURRENT_PROJECT_VERSION = 1.0.2;
				DEVELOPMENT_TEAM = FL4QTRRKMD;
				GENERATE_INFOPLIST_FILE = YES;
				INFOPLIST_FILE = "Controllers/Supporting Files/Info.plist";
				INFOPLIST_KEY_CFBundleDisplayName = "$(APP_DISPLAY_NAME)";
				INFOPLIST_KEY_UIApplicationSupportsIndirectInputEvents = YES;
				INFOPLIST_KEY_UILaunchStoryboardName = LaunchScreen;
				INFOPLIST_KEY_UIRequiresFullScreen = YES;
				INFOPLIST_KEY_UISupportedInterfaceOrientations = UIInterfaceOrientationPortrait;
				INFOPLIST_KEY_UISupportedInterfaceOrientations_iPad = "UIInterfaceOrientationLandscapeRight UIInterfaceOrientationPortrait";
				IPHONEOS_DEPLOYMENT_TARGET = 14.0;
				LD_RUNPATH_SEARCH_PATHS = (
					"$(inherited)",
					"@executable_path/Frameworks",
				);
				MARKETING_VERSION = 1.0.1;
				PRODUCT_BUNDLE_IDENTIFIER = "$(inherited)";
				PRODUCT_NAME = "$(TARGET_NAME)";
				SUPPORTED_PLATFORMS = "iphoneos iphonesimulator";
				SUPPORTS_MACCATALYST = NO;
				SUPPORTS_MAC_DESIGNED_FOR_IPHONE_IPAD = NO;
				SWIFT_EMIT_LOC_STRINGS = YES;
				SWIFT_VERSION = 5.0;
				TARGETED_DEVICE_FAMILY = "1,2";
			};
			name = "Release (Development)";
		};
		EF789B9D2A30ABFB006EC6D8 /* Debug (Development) */ = {
			isa = XCBuildConfiguration;
			baseConfigurationReference = B5F4040C2AC35BA800D4A6BD /* Development_Widget.xcconfig */;
			buildSettings = {
				ASSETCATALOG_COMPILER_GLOBAL_ACCENT_COLOR_NAME = AccentColor;
				ASSETCATALOG_COMPILER_WIDGET_BACKGROUND_COLOR_NAME = WidgetBackground;
				CODE_SIGN_ENTITLEMENTS = ControllersWidgetExtension.entitlements;
				CODE_SIGN_STYLE = Automatic;
				CURRENT_PROJECT_VERSION = 1.0.2;
				DEVELOPMENT_TEAM = FL4QTRRKMD;
				GENERATE_INFOPLIST_FILE = YES;
				INFOPLIST_FILE = ControllersWidget/Info.plist;
				INFOPLIST_KEY_CFBundleDisplayName = "아차 충전 !";
				INFOPLIST_KEY_NSHumanReadableCopyright = "";
				IPHONEOS_DEPLOYMENT_TARGET = 14.0;
				LD_RUNPATH_SEARCH_PATHS = (
					"$(inherited)",
					"@executable_path/Frameworks",
					"@executable_path/../../Frameworks",
				);
				MARKETING_VERSION = 1.0.1;
				PRODUCT_BUNDLE_IDENTIFIER = "$(inherited)";
				PRODUCT_NAME = "$(TARGET_NAME)";
				SKIP_INSTALL = YES;
				SWIFT_EMIT_LOC_STRINGS = YES;
				SWIFT_VERSION = 5.0;
				TARGETED_DEVICE_FAMILY = "1,2";
			};
			name = "Debug (Development)";
		};
		EF789B9E2A30ABFB006EC6D8 /* Release (Development) */ = {
			isa = XCBuildConfiguration;
			baseConfigurationReference = B5F4040C2AC35BA800D4A6BD /* Development_Widget.xcconfig */;
			buildSettings = {
				ASSETCATALOG_COMPILER_GLOBAL_ACCENT_COLOR_NAME = AccentColor;
				ASSETCATALOG_COMPILER_WIDGET_BACKGROUND_COLOR_NAME = WidgetBackground;
				CODE_SIGN_ENTITLEMENTS = ControllersWidgetExtension.entitlements;
				CODE_SIGN_STYLE = Automatic;
				CURRENT_PROJECT_VERSION = 1.0.2;
				DEVELOPMENT_TEAM = FL4QTRRKMD;
				GENERATE_INFOPLIST_FILE = YES;
				INFOPLIST_FILE = ControllersWidget/Info.plist;
				INFOPLIST_KEY_CFBundleDisplayName = "아차 충전 !";
				INFOPLIST_KEY_NSHumanReadableCopyright = "";
				IPHONEOS_DEPLOYMENT_TARGET = 14.0;
				LD_RUNPATH_SEARCH_PATHS = (
					"$(inherited)",
					"@executable_path/Frameworks",
					"@executable_path/../../Frameworks",
				);
				MARKETING_VERSION = 1.0.1;
				PRODUCT_BUNDLE_IDENTIFIER = "$(inherited)";
				PRODUCT_NAME = "$(TARGET_NAME)";
				SKIP_INSTALL = YES;
				SWIFT_EMIT_LOC_STRINGS = YES;
				SWIFT_VERSION = 5.0;
				TARGETED_DEVICE_FAMILY = "1,2";
			};
			name = "Release (Development)";
		};
		EFC1A1372A83D6E00023754E /* Debug (Development) */ = {
			isa = XCBuildConfiguration;
			buildSettings = {
				BUNDLE_LOADER = "$(TEST_HOST)";
				CODE_SIGN_STYLE = Automatic;
				CURRENT_PROJECT_VERSION = 1;
				GENERATE_INFOPLIST_FILE = YES;
				IPHONEOS_DEPLOYMENT_TARGET = 16.4;
				MARKETING_VERSION = 1.0;
				PRODUCT_BUNDLE_IDENTIFIER = arex.ControllersTests;
				PRODUCT_NAME = "$(TARGET_NAME)";
				SWIFT_EMIT_LOC_STRINGS = NO;
				SWIFT_VERSION = 5.0;
				TARGETED_DEVICE_FAMILY = "1,2";
				TEST_HOST = "$(BUILT_PRODUCTS_DIR)/Controllers.app/$(BUNDLE_EXECUTABLE_FOLDER_PATH)/Controllers";
			};
			name = "Debug (Development)";
		};
		EFC1A1382A83D6E00023754E /* Release (Development) */ = {
			isa = XCBuildConfiguration;
			buildSettings = {
				BUNDLE_LOADER = "$(TEST_HOST)";
				CODE_SIGN_STYLE = Automatic;
				CURRENT_PROJECT_VERSION = 1;
				GENERATE_INFOPLIST_FILE = YES;
				IPHONEOS_DEPLOYMENT_TARGET = 16.4;
				MARKETING_VERSION = 1.0;
				PRODUCT_BUNDLE_IDENTIFIER = arex.ControllersTests;
				PRODUCT_NAME = "$(TARGET_NAME)";
				SWIFT_EMIT_LOC_STRINGS = NO;
				SWIFT_VERSION = 5.0;
				TARGETED_DEVICE_FAMILY = "1,2";
				TEST_HOST = "$(BUILT_PRODUCTS_DIR)/Controllers.app/$(BUNDLE_EXECUTABLE_FOLDER_PATH)/Controllers";
			};
			name = "Release (Development)";
		};
/* End XCBuildConfiguration section */

/* Begin XCConfigurationList section */
		EF789B692A24D6DC006EC6D8 /* Build configuration list for PBXProject "Controllers" */ = {
			isa = XCConfigurationList;
			buildConfigurations = (
				EF789B802A24D6DD006EC6D8 /* Debug (Development) */,
				B5F404012AC3556D00D4A6BD /* Debug (Production) */,
				EF789B812A24D6DD006EC6D8 /* Release (Development) */,
				B5F404052AC3558E00D4A6BD /* Release (Production) */,
			);
			defaultConfigurationIsVisible = 0;
			defaultConfigurationName = "Release (Development)";
		};
		EF789B822A24D6DD006EC6D8 /* Build configuration list for PBXNativeTarget "Controllers" */ = {
			isa = XCConfigurationList;
			buildConfigurations = (
				EF789B832A24D6DD006EC6D8 /* Debug (Development) */,
				B5F404022AC3556D00D4A6BD /* Debug (Production) */,
				EF789B842A24D6DD006EC6D8 /* Release (Development) */,
				B5F404062AC3558E00D4A6BD /* Release (Production) */,
			);
			defaultConfigurationIsVisible = 0;
			defaultConfigurationName = "Release (Development)";
		};
		EF789B9F2A30ABFB006EC6D8 /* Build configuration list for PBXNativeTarget "ControllersWidgetExtension" */ = {
			isa = XCConfigurationList;
			buildConfigurations = (
				EF789B9D2A30ABFB006EC6D8 /* Debug (Development) */,
				B5F404032AC3556D00D4A6BD /* Debug (Production) */,
				EF789B9E2A30ABFB006EC6D8 /* Release (Development) */,
				B5F404072AC3558E00D4A6BD /* Release (Production) */,
			);
			defaultConfigurationIsVisible = 0;
			defaultConfigurationName = "Release (Development)";
		};
		EFC1A1392A83D6E00023754E /* Build configuration list for PBXNativeTarget "ControllersTests" */ = {
			isa = XCConfigurationList;
			buildConfigurations = (
				EFC1A1372A83D6E00023754E /* Debug (Development) */,
				B5F404042AC3556D00D4A6BD /* Debug (Production) */,
				EFC1A1382A83D6E00023754E /* Release (Development) */,
				B5F404082AC3558E00D4A6BD /* Release (Production) */,
			);
			defaultConfigurationIsVisible = 0;
			defaultConfigurationName = "Release (Development)";
		};
/* End XCConfigurationList section */
	};
	rootObject = EF789B662A24D6DC006EC6D8 /* Project object */;
}
